PODS:
  - AFNetworking (2.6.3):
    - AFNetworking/NSURLConnection (= 2.6.3)
    - AFNetworking/NSURLSession (= 2.6.3)
    - AFNetworking/Reachability (= 2.6.3)
    - AFNetworking/Security (= 2.6.3)
    - AFNetworking/Serialization (= 2.6.3)
    - AFNetworking/UIKit (= 2.6.3)
  - AFNetworking/NSURLConnection (2.6.3):
    - AFNetworking/Reachability
    - AFNetworking/Security
    - AFNetworking/Serialization
  - AFNetworking/NSURLSession (2.6.3):
    - AFNetworking/Reachability
    - AFNetworking/Security
    - AFNetworking/Serialization
  - AFNetworking/Reachability (2.6.3)
  - AFNetworking/Security (2.6.3)
  - AFNetworking/Serialization (2.6.3)
  - AFNetworking/UIKit (2.6.3):
    - AFNetworking/NSURLConnection
    - AFNetworking/NSURLSession
  - BSKeyboardControls (2.2)
  - FontAwesomeKit (2.2.1):
    - FontAwesomeKit/Core (= 2.2.1)
    - FontAwesomeKit/FontAwesome (= 2.2.1)
    - FontAwesomeKit/FoundationIcons (= 2.2.1)
    - FontAwesomeKit/IonIcons (= 2.2.1)
    - FontAwesomeKit/Material (= 2.2.1)
    - FontAwesomeKit/Octicons (= 2.2.1)
    - FontAwesomeKit/Zocial (= 2.2.1)
  - FontAwesomeKit/Core (2.2.1)
  - FontAwesomeKit/FontAwesome (2.2.1):
    - FontAwesomeKit/Core
  - FontAwesomeKit/FoundationIcons (2.2.1):
    - FontAwesomeKit/Core
  - FontAwesomeKit/IonIcons (2.2.1):
    - FontAwesomeKit/Core
  - FontAwesomeKit/Material (2.2.1):
    - FontAwesomeKit/Core
  - FontAwesomeKit/Octicons (2.2.1):
    - FontAwesomeKit/Core
  - FontAwesomeKit/Zocial (2.2.1):
    - FontAwesomeKit/Core
  - GoogleMaps (2.1.1):
    - GoogleMaps/Maps (= 2.1.1)
  - GoogleMaps/Base (2.1.1)
  - GoogleMaps/Maps (2.1.1):
    - GoogleMaps/Base
  - GooglePlaces (2.1.1):
    - GoogleMaps/Base (= 2.1.1)
  - SwiftKeychainWrapper (2.0.0)

DEPENDENCIES:
  - AFNetworking (~> 2.0)
  - BSKeyboardControls (~> 2.2)
  - FontAwesomeKit (from `https://github.com/PrideChung/FontAwesomeKit.git`)
  - GoogleMaps
  - GooglePlaces
  - SwiftKeychainWrapper (~> 2.0)

EXTERNAL SOURCES:
  FontAwesomeKit:
    :git: https://github.com/PrideChung/FontAwesomeKit.git

CHECKOUT OPTIONS:
  FontAwesomeKit:
    :commit: ffcc61b71c5ae5196705d3486e20e5391fb9396c
    :git: https://github.com/PrideChung/FontAwesomeKit.git

SPEC CHECKSUMS:
  AFNetworking: cb8d14a848e831097108418f5d49217339d4eb60
  BSKeyboardControls: b701935e789961102e3f20063bba7185800a2d3f
  FontAwesomeKit: 3614979b3dbb0ec3f7fac1bd760b91f66c31db67
  GoogleMaps: a5b5bbe47734e2443bde781a6aa64e69fdb6d785
  GooglePlaces: 35636d86e5020cba3856eb988c09a5491de0a65a
  SwiftKeychainWrapper: 3575838215fa36c816899c301a7afe370bd94814

PODFILE CHECKSUM: be2a55b21fb1c03d7185988037ee7c731e7ac1dc

COCOAPODS: 1.2.0.beta.1
