PODS:
  - AFNetworking (2.6.0):
    - AFNetworking/NSURLConnection (= 2.6.0)
    - AFNetworking/NSURLSession (= 2.6.0)
    - AFNetworking/Reachability (= 2.6.0)
    - AFNetworking/Security (= 2.6.0)
    - AFNetworking/Serialization (= 2.6.0)
    - AFNetworking/UIKit (= 2.6.0)
  - AFNetworking/NSURLConnection (2.6.0):
    - AFNetworking/Reachability
    - AFNetworking/Security
    - AFNetworking/Serialization
  - AFNetworking/NSURLSession (2.6.0):
    - AFNetworking/Reachability
    - AFNetworking/Security
    - AFNetworking/Serialization
  - AFNetworking/Reachability (2.6.0)
  - AFNetworking/Security (2.6.0)
  - AFNetworking/Serialization (2.6.0)
  - AFNetworking/UIKit (2.6.0):
    - AFNetworking/NSURLConnection
    - AFNetworking/NSURLSession
  - BSKeyboardControls (2.2)
  - FontAwesomeKit (2.1.9):
    - FontAwesomeKit/Core (= 2.1.9)
    - FontAwesomeKit/FontAwesome (= 2.1.9)
    - FontAwesomeKit/FoundationIcons (= 2.1.9)
    - FontAwesomeKit/IonIcons (= 2.1.9)
    - FontAwesomeKit/Material (= 2.1.9)
    - FontAwesomeKit/Octicons (= 2.1.9)
    - FontAwesomeKit/Zocial (= 2.1.9)
  - FontAwesomeKit/Core (2.1.9)
  - FontAwesomeKit/FontAwesome (2.1.9):
    - FontAwesomeKit/Core
  - FontAwesomeKit/FoundationIcons (2.1.9):
    - FontAwesomeKit/Core
  - FontAwesomeKit/IonIcons (2.1.9):
    - FontAwesomeKit/Core
  - FontAwesomeKit/Material (2.1.9):
    - FontAwesomeKit/Core
  - FontAwesomeKit/Octicons (2.1.9):
    - FontAwesomeKit/Core
  - FontAwesomeKit/Zocial (2.1.9):
    - FontAwesomeKit/Core
  - GoogleMaps (1.10.3)
  - SwiftKeychainWrapper (1.0.11)

DEPENDENCIES:
  - AFNetworking (~> 2.0)
  - BSKeyboardControls (~> 2.2)
  - FontAwesomeKit (from `https://github.com/PrideChung/FontAwesomeKit.git`)
  - GoogleMaps
  - SwiftKeychainWrapper

EXTERNAL SOURCES:
  FontAwesomeKit:
    :git: https://github.com/PrideChung/FontAwesomeKit.git

CHECKOUT OPTIONS:
  FontAwesomeKit:
    :commit: 2b704d61cabc8aaa288dbb4f7b44f2d8b4f91c80
    :git: https://github.com/PrideChung/FontAwesomeKit.git

SPEC CHECKSUMS:
  AFNetworking: 79f7eb1a0fcfa7beb409332b2ca49afe9ce53b05
  BSKeyboardControls: b701935e789961102e3f20063bba7185800a2d3f
  FontAwesomeKit: 1a21b835bd74f0591bfc1dac8c5540188eab3f38
  GoogleMaps: 945e4ac3b74bcca3ddada51df256eb7beddb474d
  SwiftKeychainWrapper: 011a6946923948ffa49708014dd691164d7621d1

PODFILE CHECKSUM: a3a926d09081eb319bd4b1aff4fecceab838eed7

COCOAPODS: 1.1.1
