// !$*UTF8*$!
{
	archiveVersion = 1;
	classes = {
	};
	objectVersion = 46;
	objects = {

/* Begin PBXBuildFile section */
		114953511C190CAA00A74845 /* APIKeys.swift in Sources */ = {isa = PBXBuildFile; fileRef = 114953501C190CAA00A74845 /* APIKeys.swift */; };
		22E8AFA2C4807E582FFD7452 /* Pods.framework in Frameworks */ = {isa = PBXBuildFile; fileRef = 8F3B940583EC03D3C82EAAD0 /* Pods.framework */; settings = {ATTRIBUTES = (Required, ); }; };
		27044BCF1C0E61AD00ABE27D /* SGBarButtonItem.swift in Sources */ = {isa = PBXBuildFile; fileRef = 27044BCE1C0E61AD00ABE27D /* SGBarButtonItem.swift */; };
		2705CC3E1BB927D7004FE927 /* AppDelegate.swift in Sources */ = {isa = PBXBuildFile; fileRef = 2705CC3D1BB927D7004FE927 /* AppDelegate.swift */; };
		2705CC401BB927D7004FE927 /* RootTabBarController.swift in Sources */ = {isa = PBXBuildFile; fileRef = 2705CC3F1BB927D7004FE927 /* RootTabBarController.swift */; };
		2705CC531BB927D8004FE927 /* SAGETests.swift in Sources */ = {isa = PBXBuildFile; fileRef = 2705CC521BB927D8004FE927 /* SAGETests.swift */; };
		2705CC5E1BB927D8004FE927 /* SAGEUITests.swift in Sources */ = {isa = PBXBuildFile; fileRef = 2705CC5D1BB927D8004FE927 /* SAGEUITests.swift */; };
		27561FCE1C0D2E0E00DAB74A /* SGButton.swift in Sources */ = {isa = PBXBuildFile; fileRef = 27561FCD1C0D2E0E00DAB74A /* SGButton.swift */; };
		2781601C1BC0E25B00A1DB75 /* CheckinViewController.swift in Sources */ = {isa = PBXBuildFile; fileRef = 2781601B1BC0E25B00A1DB75 /* CheckinViewController.swift */; };
		2781601E1BC0E26B00A1DB75 /* CheckinView.swift in Sources */ = {isa = PBXBuildFile; fileRef = 2781601D1BC0E26B00A1DB75 /* CheckinView.swift */; };
		278912091BEEEC590005D46E /* CheckinOperations.swift in Sources */ = {isa = PBXBuildFile; fileRef = 278912081BEEEC590005D46E /* CheckinOperations.swift */; };
		27D1B67C1BE0417000F9D026 /* RequestHoursViewController.swift in Sources */ = {isa = PBXBuildFile; fileRef = 27D1B67B1BE0416F00F9D026 /* RequestHoursViewController.swift */; };
		27D1B67E1BE0422900F9D026 /* RequestHoursView.swift in Sources */ = {isa = PBXBuildFile; fileRef = 27D1B67D1BE0422900F9D026 /* RequestHoursView.swift */; };
		27D1B6801BE1993700F9D026 /* FormItem.swift in Sources */ = {isa = PBXBuildFile; fileRef = 27D1B67F1BE1993700F9D026 /* FormItem.swift */; };
		27D1B6821BE1A62E00F9D026 /* FormFieldItem.swift in Sources */ = {isa = PBXBuildFile; fileRef = 27D1B6811BE1A62E00F9D026 /* FormFieldItem.swift */; };
		27D1B6841BE1C20C00F9D026 /* FormTextItem.swift in Sources */ = {isa = PBXBuildFile; fileRef = 27D1B6831BE1C20C00F9D026 /* FormTextItem.swift */; };
		27EB32A71C3917D400FD8050 /* SemesterVerifyViewController.swift in Sources */ = {isa = PBXBuildFile; fileRef = 27EB32A61C3917D400FD8050 /* SemesterVerifyViewController.swift */; settings = {ASSET_TAGS = (); }; };
		27EB32A91C3917E900FD8050 /* SemesterVerifyView.swift in Sources */ = {isa = PBXBuildFile; fileRef = 27EB32A81C3917E900FD8050 /* SemesterVerifyView.swift */; settings = {ASSET_TAGS = (); }; };
		27F990B91BBCC3CB00D61DA2 /* UIColor.swift in Sources */ = {isa = PBXBuildFile; fileRef = 27F990B81BBCC3CB00D61DA2 /* UIColor.swift */; };
		27F990C01BBCE3B400D61DA2 /* UIView.swift in Sources */ = {isa = PBXBuildFile; fileRef = 27F990BF1BBCE3B300D61DA2 /* UIView.swift */; };
		27F990C41BBDD1F300D61DA2 /* UIConstants.swift in Sources */ = {isa = PBXBuildFile; fileRef = 27F990C31BBDD1F300D61DA2 /* UIConstants.swift */; };
		27F990C61BBDD76800D61DA2 /* StringConstants.swift in Sources */ = {isa = PBXBuildFile; fileRef = 27F990C51BBDD76800D61DA2 /* StringConstants.swift */; };
		27F990C91BBDDB7E00D61DA2 /* BaseOperation.swift in Sources */ = {isa = PBXBuildFile; fileRef = 27F990C81BBDDB7E00D61DA2 /* BaseOperation.swift */; };
		4211CCD81C0F86BF00C4797F /* EditAnnouncementController.swift in Sources */ = {isa = PBXBuildFile; fileRef = 4211CCD71C0F86BF00C4797F /* EditAnnouncementController.swift */; };
		4216872D1C09286A00C29DEF /* SchoolDetailHeaderView.swift in Sources */ = {isa = PBXBuildFile; fileRef = 4216872C1C09286A00C29DEF /* SchoolDetailHeaderView.swift */; };
		4223341E1BC090E900E863D0 /* Announcement.swift in Sources */ = {isa = PBXBuildFile; fileRef = 4223341D1BC090E900E863D0 /* Announcement.swift */; };
		422334241BC099D400E863D0 /* Checkin.swift in Sources */ = {isa = PBXBuildFile; fileRef = 422334231BC099D400E863D0 /* Checkin.swift */; };
		422334261BC09E0400E863D0 /* User.swift in Sources */ = {isa = PBXBuildFile; fileRef = 422334251BC09E0400E863D0 /* User.swift */; };
		422334281BC09E0F00E863D0 /* School.swift in Sources */ = {isa = PBXBuildFile; fileRef = 422334271BC09E0F00E863D0 /* School.swift */; };
		4223342B1BC0C94600E863D0 /* UserConstants.swift in Sources */ = {isa = PBXBuildFile; fileRef = 4223342A1BC0C94600E863D0 /* UserConstants.swift */; };
		4223342D1BC0C96000E863D0 /* AnnouncementConstants.swift in Sources */ = {isa = PBXBuildFile; fileRef = 4223342C1BC0C96000E863D0 /* AnnouncementConstants.swift */; };
		4223342F1BC0C97000E863D0 /* CheckinConstants.swift in Sources */ = {isa = PBXBuildFile; fileRef = 4223342E1BC0C97000E863D0 /* CheckinConstants.swift */; };
		422334311BC0C97E00E863D0 /* SchoolConstants.swift in Sources */ = {isa = PBXBuildFile; fileRef = 422334301BC0C97E00E863D0 /* SchoolConstants.swift */; };
		422334321BC0D26F00E863D0 /* Checkin.swift in Sources */ = {isa = PBXBuildFile; fileRef = 422334231BC099D400E863D0 /* Checkin.swift */; };
		422334331BC0D27200E863D0 /* Announcement.swift in Sources */ = {isa = PBXBuildFile; fileRef = 4223341D1BC090E900E863D0 /* Announcement.swift */; };
		422334341BC0D27900E863D0 /* User.swift in Sources */ = {isa = PBXBuildFile; fileRef = 422334251BC09E0400E863D0 /* User.swift */; };
		422334351BC0D27B00E863D0 /* School.swift in Sources */ = {isa = PBXBuildFile; fileRef = 422334271BC09E0F00E863D0 /* School.swift */; };
		422334361BC0D27D00E863D0 /* School.swift in Sources */ = {isa = PBXBuildFile; fileRef = 422334271BC09E0F00E863D0 /* School.swift */; };
		422334371BC0D28000E863D0 /* User.swift in Sources */ = {isa = PBXBuildFile; fileRef = 422334251BC09E0400E863D0 /* User.swift */; };
		422334381BC0D28300E863D0 /* Checkin.swift in Sources */ = {isa = PBXBuildFile; fileRef = 422334231BC099D400E863D0 /* Checkin.swift */; };
		422334391BC0D28500E863D0 /* Announcement.swift in Sources */ = {isa = PBXBuildFile; fileRef = 4223341D1BC090E900E863D0 /* Announcement.swift */; };
		4223343A1BC0D28800E863D0 /* UserConstants.swift in Sources */ = {isa = PBXBuildFile; fileRef = 4223342A1BC0C94600E863D0 /* UserConstants.swift */; };
		4223343B1BC0D28800E863D0 /* UserConstants.swift in Sources */ = {isa = PBXBuildFile; fileRef = 4223342A1BC0C94600E863D0 /* UserConstants.swift */; };
		4223343C1BC0D28B00E863D0 /* AnnouncementConstants.swift in Sources */ = {isa = PBXBuildFile; fileRef = 4223342C1BC0C96000E863D0 /* AnnouncementConstants.swift */; };
		4223343D1BC0D28C00E863D0 /* AnnouncementConstants.swift in Sources */ = {isa = PBXBuildFile; fileRef = 4223342C1BC0C96000E863D0 /* AnnouncementConstants.swift */; };
		4223343E1BC0D28E00E863D0 /* CheckinConstants.swift in Sources */ = {isa = PBXBuildFile; fileRef = 4223342E1BC0C97000E863D0 /* CheckinConstants.swift */; };
		4223343F1BC0D28E00E863D0 /* CheckinConstants.swift in Sources */ = {isa = PBXBuildFile; fileRef = 4223342E1BC0C97000E863D0 /* CheckinConstants.swift */; };
		422334401BC0D29100E863D0 /* SchoolConstants.swift in Sources */ = {isa = PBXBuildFile; fileRef = 422334301BC0C97E00E863D0 /* SchoolConstants.swift */; };
		422334411BC0D29200E863D0 /* SchoolConstants.swift in Sources */ = {isa = PBXBuildFile; fileRef = 422334301BC0C97E00E863D0 /* SchoolConstants.swift */; };
		422334421BC0D29500E863D0 /* UIConstants.swift in Sources */ = {isa = PBXBuildFile; fileRef = 27F990C31BBDD1F300D61DA2 /* UIConstants.swift */; };
		422334431BC0D29500E863D0 /* UIConstants.swift in Sources */ = {isa = PBXBuildFile; fileRef = 27F990C31BBDD1F300D61DA2 /* UIConstants.swift */; };
		422334441BC0D29800E863D0 /* StringConstants.swift in Sources */ = {isa = PBXBuildFile; fileRef = 27F990C51BBDD76800D61DA2 /* StringConstants.swift */; };
		422334451BC0D29900E863D0 /* StringConstants.swift in Sources */ = {isa = PBXBuildFile; fileRef = 27F990C51BBDD76800D61DA2 /* StringConstants.swift */; };
		422334481BC0D2BE00E863D0 /* BaseOperation.swift in Sources */ = {isa = PBXBuildFile; fileRef = 27F990C81BBDDB7E00D61DA2 /* BaseOperation.swift */; };
		422334491BC0D2BF00E863D0 /* BaseOperation.swift in Sources */ = {isa = PBXBuildFile; fileRef = 27F990C81BBDDB7E00D61DA2 /* BaseOperation.swift */; };
		4223344A1BC0D2C200E863D0 /* UIColor.swift in Sources */ = {isa = PBXBuildFile; fileRef = 27F990B81BBCC3CB00D61DA2 /* UIColor.swift */; };
		4223344B1BC0D2C300E863D0 /* UIColor.swift in Sources */ = {isa = PBXBuildFile; fileRef = 27F990B81BBCC3CB00D61DA2 /* UIColor.swift */; };
		4223344C1BC0D2C500E863D0 /* UIView.swift in Sources */ = {isa = PBXBuildFile; fileRef = 27F990BF1BBCE3B300D61DA2 /* UIView.swift */; };
		4223344D1BC0D2C600E863D0 /* UIView.swift in Sources */ = {isa = PBXBuildFile; fileRef = 27F990BF1BBCE3B300D61DA2 /* UIView.swift */; };
		4223344F1BC0D87B00E863D0 /* libPods.a in Frameworks */ = {isa = PBXBuildFile; fileRef = 4223344E1BC0D87B00E863D0 /* libPods.a */; };
		422334511BC0D8D400E863D0 /* libAFNetworking.a in Frameworks */ = {isa = PBXBuildFile; fileRef = 422334501BC0D8D400E863D0 /* libAFNetworking.a */; };
		422334531BC0D8D900E863D0 /* libFontAwesomeKit.a in Frameworks */ = {isa = PBXBuildFile; fileRef = 422334521BC0D8D900E863D0 /* libFontAwesomeKit.a */; };
		422715451BC7359D00FD719C /* UIFont.swift in Sources */ = {isa = PBXBuildFile; fileRef = 422715441BC7359D00FD719C /* UIFont.swift */; };
		4243E4DB1BF1A79100AA627A /* BrowseMentorsViewController.swift in Sources */ = {isa = PBXBuildFile; fileRef = 4243E4DA1BF1A79100AA627A /* BrowseMentorsViewController.swift */; };
		424A13781BEEBC0B00775E86 /* AnnouncementsOperations.swift in Sources */ = {isa = PBXBuildFile; fileRef = 424A13771BEEBC0B00775E86 /* AnnouncementsOperations.swift */; };
		424A137C1BEED27300775E86 /* UIViewController.swift in Sources */ = {isa = PBXBuildFile; fileRef = 424A137B1BEED27300775E86 /* UIViewController.swift */; };
		424DEC001BF4B8810099CCE0 /* LoginOperations.swift in Sources */ = {isa = PBXBuildFile; fileRef = 424DEBFF1BF4B8810099CCE0 /* LoginOperations.swift */; };
		4254C1EB1BFDCCC200D0D33E /* BrowseSchoolsViewController.swift in Sources */ = {isa = PBXBuildFile; fileRef = 4254C1EA1BFDCCC200D0D33E /* BrowseSchoolsViewController.swift */; };
		4254C1EF1BFDD6A200D0D33E /* SignUpRequestsViewController.swift in Sources */ = {isa = PBXBuildFile; fileRef = 4254C1EE1BFDD6A200D0D33E /* SignUpRequestsViewController.swift */; };
		4254D2931BC5AABF00C831C7 /* KeychainConstants.swift in Sources */ = {isa = PBXBuildFile; fileRef = 4254D2921BC5AABF00C831C7 /* KeychainConstants.swift */; };
		4254D2991BC62B4500C831C7 /* LoginView.swift in Sources */ = {isa = PBXBuildFile; fileRef = 4254D2981BC62B4500C831C7 /* LoginView.swift */; };
		426838731C00329E00A97832 /* SignUpRequestTableViewCell.swift in Sources */ = {isa = PBXBuildFile; fileRef = 426838721C00329E00A97832 /* SignUpRequestTableViewCell.swift */; };
		42705CCD1BEB4F6D0081B29D /* AdminTableViewController.swift in Sources */ = {isa = PBXBuildFile; fileRef = 42705CCC1BEB4F6D0081B29D /* AdminTableViewController.swift */; };
		427432F01BC776FD00464200 /* UnverifiedView.swift in Sources */ = {isa = PBXBuildFile; fileRef = 427432EF1BC776FD00464200 /* UnverifiedView.swift */; };
		427B72461C0C4C5B00A32DF5 /* EditSchoolController.swift in Sources */ = {isa = PBXBuildFile; fileRef = 427B72451C0C4C5B00A32DF5 /* EditSchoolController.swift */; };
		4280CE181BF43E5C005D1B97 /* AdminOperations.swift in Sources */ = {isa = PBXBuildFile; fileRef = 4280CE171BF43E5C005D1B97 /* AdminOperations.swift */; };
		42828FC81C00718000ACBC7E /* CheckinRequestsDetailViewController.swift in Sources */ = {isa = PBXBuildFile; fileRef = 42828FC71C00718000ACBC7E /* CheckinRequestsDetailViewController.swift */; };
		42828FCA1C00718B00ACBC7E /* SignUpRequestsDetailViewController.swift in Sources */ = {isa = PBXBuildFile; fileRef = 42828FC91C00718B00ACBC7E /* SignUpRequestsDetailViewController.swift */; };
		429B1D141BDC881F006AADF6 /* ErrorView.swift in Sources */ = {isa = PBXBuildFile; fileRef = 429B1D131BDC881F006AADF6 /* ErrorView.swift */; };
		42A2E00F1C02943E00033577 /* AddAnnouncementController.swift in Sources */ = {isa = PBXBuildFile; fileRef = 42A2E00E1C02943E00033577 /* AddAnnouncementController.swift */; };
		42A2E0111C0294C500033577 /* AddAnnouncementView.swift in Sources */ = {isa = PBXBuildFile; fileRef = 42A2E0101C0294C500033577 /* AddAnnouncementView.swift */; };
		42A6CE621C0BDF6800F97CFF /* SchoolDetailViewController.swift in Sources */ = {isa = PBXBuildFile; fileRef = 42A6CE611C0BDF6800F97CFF /* SchoolDetailViewController.swift */; };
		42A6CE641C0BDFC700F97CFF /* SchoolsTableViewCell.swift in Sources */ = {isa = PBXBuildFile; fileRef = 42A6CE631C0BDFC700F97CFF /* SchoolsTableViewCell.swift */; };
		42A6CE661C0BDFFD00F97CFF /* UsersTableViewCell.swift in Sources */ = {isa = PBXBuildFile; fileRef = 42A6CE651C0BDFFD00F97CFF /* UsersTableViewCell.swift */; };
		42B82B451C0478630076892A /* FormButtonItem.swift in Sources */ = {isa = PBXBuildFile; fileRef = 42B82B441C0478630076892A /* FormButtonItem.swift */; };
		42C1D1C51C0522B800625B35 /* SelectAnnouncementSchoolTableViewController.swift in Sources */ = {isa = PBXBuildFile; fileRef = 42C1D1C41C0522B800625B35 /* SelectAnnouncementSchoolTableViewController.swift */; };
		42C3933F1BC45DB900630F93 /* LoginController.swift in Sources */ = {isa = PBXBuildFile; fileRef = 42C3933E1BC45DB900630F93 /* LoginController.swift */; };
		42C393411BC45DEC00630F93 /* RootController.swift in Sources */ = {isa = PBXBuildFile; fileRef = 42C393401BC45DEC00630F93 /* RootController.swift */; };
		42C393431BC4607D00630F93 /* UnverifiedViewController.swift in Sources */ = {isa = PBXBuildFile; fileRef = 42C393421BC4607D00630F93 /* UnverifiedViewController.swift */; };
		42C4352A1C013F8D000F6671 /* AddSchoolLocationTableViewController.swift in Sources */ = {isa = PBXBuildFile; fileRef = 42C435291C013F8D000F6671 /* AddSchoolLocationTableViewController.swift */; };
		42C4352C1C013FA0000F6671 /* AddSchoolDirectorTableViewController.swift in Sources */ = {isa = PBXBuildFile; fileRef = 42C4352B1C013FA0000F6671 /* AddSchoolDirectorTableViewController.swift */; };
		42DE22161C0F92BE00071879 /* NotificationConstants.swift in Sources */ = {isa = PBXBuildFile; fileRef = 42DE22151C0F92BE00071879 /* NotificationConstants.swift */; };
		42E38DC71BFE957E0048B8D4 /* UIImageView.swift in Sources */ = {isa = PBXBuildFile; fileRef = 42E38DC61BFE957E0048B8D4 /* UIImageView.swift */; };
		42EDBDEE1BDF38420092D5F5 /* UIImage.swift in Sources */ = {isa = PBXBuildFile; fileRef = 42EDBDED1BDF38420092D5F5 /* UIImage.swift */; };
		42EFD6721BC7A9EA0063FD78 /* SignUpController.swift in Sources */ = {isa = PBXBuildFile; fileRef = 42EFD6711BC7A9EA0063FD78 /* SignUpController.swift */; };
		42EFD6741BC9E6F30063FD78 /* SignUpView.swift in Sources */ = {isa = PBXBuildFile; fileRef = 42EFD6731BC9E6F30063FD78 /* SignUpView.swift */; };
		42EFD6771BC9EC540063FD78 /* SignUpNameView.swift in Sources */ = {isa = PBXBuildFile; fileRef = 42EFD6761BC9EC540063FD78 /* SignUpNameView.swift */; };
		42EFD6791BC9EC630063FD78 /* SignUpEmailPasswordView.swift in Sources */ = {isa = PBXBuildFile; fileRef = 42EFD6781BC9EC630063FD78 /* SignUpEmailPasswordView.swift */; };
		42EFD67B1BC9EC830063FD78 /* SignUpSchoolHoursView.swift in Sources */ = {isa = PBXBuildFile; fileRef = 42EFD67A1BC9EC830063FD78 /* SignUpSchoolHoursView.swift */; };
		42EFD67D1BC9EC900063FD78 /* SignUpPhotoView.swift in Sources */ = {isa = PBXBuildFile; fileRef = 42EFD67C1BC9EC900063FD78 /* SignUpPhotoView.swift */; };
		42EFD67F1BC9ED730063FD78 /* SignUpFormView.swift in Sources */ = {isa = PBXBuildFile; fileRef = 42EFD67E1BC9ED730063FD78 /* SignUpFormView.swift */; };
		42F71DF31BF802D2004E1B3B /* CheckinRequestsViewController.swift in Sources */ = {isa = PBXBuildFile; fileRef = 42F71DF21BF802D2004E1B3B /* CheckinRequestsViewController.swift */; };
		42F71DF61BF80478004E1B3B /* CheckinRequestTableViewCell.swift in Sources */ = {isa = PBXBuildFile; fileRef = 42F71DF51BF80478004E1B3B /* CheckinRequestTableViewCell.swift */; };
		42F75B221BD451DA00835595 /* SignUpTableViewController.swift in Sources */ = {isa = PBXBuildFile; fileRef = 42F75B211BD451DA00835595 /* SignUpTableViewController.swift */; };
		42F85ED81C01328700F62C37 /* AddSchoolController.swift in Sources */ = {isa = PBXBuildFile; fileRef = 42F85ED71C01328700F62C37 /* AddSchoolController.swift */; };
		42F85EDA1C0132CB00F62C37 /* AddSchoolView.swift in Sources */ = {isa = PBXBuildFile; fileRef = 42F85ED91C0132CB00F62C37 /* AddSchoolView.swift */; };
		584CDC4300AD746DE61B3744 /* (null) in Frameworks */ = {isa = PBXBuildFile; };
		5D221C241C18D296008FBD9B /* CheckinTableViewCell.swift in Sources */ = {isa = PBXBuildFile; fileRef = 5D221C231C18D296008FBD9B /* CheckinTableViewCell.swift */; };
		5D63EF121BFC86340036D478 /* SchoolOperations.swift in Sources */ = {isa = PBXBuildFile; fileRef = 5D63EF111BFC86340036D478 /* SchoolOperations.swift */; };
		5D757DB51C12381200BDAE61 /* ProfileCheckinViewController.swift in Sources */ = {isa = PBXBuildFile; fileRef = 5D757DB41C12381200BDAE61 /* ProfileCheckinViewController.swift */; };
		5D8AF9891BEECFCD0008D2C4 /* AnnouncementsDetailView.swift in Sources */ = {isa = PBXBuildFile; fileRef = 5D8AF9881BEECFCD0008D2C4 /* AnnouncementsDetailView.swift */; };
		5D8AF98B1BEED06E0008D2C4 /* AnnouncementsDetailViewController.swift in Sources */ = {isa = PBXBuildFile; fileRef = 5D8AF98A1BEED06E0008D2C4 /* AnnouncementsDetailViewController.swift */; };
		5D8AF98F1BEF059D0008D2C4 /* Images.xcassets in Resources */ = {isa = PBXBuildFile; fileRef = 5D8AF98E1BEF059D0008D2C4 /* Images.xcassets */; };
		5D916A1B1C013529003959CE /* ProfileViewController.swift in Sources */ = {isa = PBXBuildFile; fileRef = 5D916A1A1C013529003959CE /* ProfileViewController.swift */; };
		5D916A1D1C01353D003959CE /* ProfileView.swift in Sources */ = {isa = PBXBuildFile; fileRef = 5D916A1C1C01353D003959CE /* ProfileView.swift */; };
		5DD14CFE1BD3394E00B935DE /* AnnouncementsTableViewCell.swift in Sources */ = {isa = PBXBuildFile; fileRef = 5DD14CFD1BD3394E00B935DE /* AnnouncementsTableViewCell.swift */; };
		5DEC6C4E1BC9FD260085BF07 /* AnnouncementsViewController.swift in Sources */ = {isa = PBXBuildFile; fileRef = 5DEC6C4D1BC9FD260085BF07 /* AnnouncementsViewController.swift */; };
		5DF193691C0C34A7003A6B0E /* ProfileOperations.swift in Sources */ = {isa = PBXBuildFile; fileRef = 5DF193681C0C34A7003A6B0E /* ProfileOperations.swift */; };
/* End PBXBuildFile section */

/* Begin PBXContainerItemProxy section */
		2705CC4F1BB927D8004FE927 /* PBXContainerItemProxy */ = {
			isa = PBXContainerItemProxy;
			containerPortal = 2705CC321BB927D7004FE927 /* Project object */;
			proxyType = 1;
			remoteGlobalIDString = 2705CC391BB927D7004FE927;
			remoteInfo = SAGE;
		};
		2705CC5A1BB927D8004FE927 /* PBXContainerItemProxy */ = {
			isa = PBXContainerItemProxy;
			containerPortal = 2705CC321BB927D7004FE927 /* Project object */;
			proxyType = 1;
			remoteGlobalIDString = 2705CC391BB927D7004FE927;
			remoteInfo = SAGE;
		};
/* End PBXContainerItemProxy section */

/* Begin PBXFileReference section */
		038E557A8664D96BC0F724A9 /* Pods.release.xcconfig */ = {isa = PBXFileReference; includeInIndex = 1; lastKnownFileType = text.xcconfig; name = Pods.release.xcconfig; path = "Pods/Target Support Files/Pods/Pods.release.xcconfig"; sourceTree = "<group>"; };
		114953501C190CAA00A74845 /* APIKeys.swift */ = {isa = PBXFileReference; fileEncoding = 4; lastKnownFileType = sourcecode.swift; path = APIKeys.swift; sourceTree = "<group>"; };
		27044BCE1C0E61AD00ABE27D /* SGBarButtonItem.swift */ = {isa = PBXFileReference; fileEncoding = 4; lastKnownFileType = sourcecode.swift; path = SGBarButtonItem.swift; sourceTree = "<group>"; };
		2705CC3A1BB927D7004FE927 /* SAGE.app */ = {isa = PBXFileReference; explicitFileType = wrapper.application; includeInIndex = 0; path = SAGE.app; sourceTree = BUILT_PRODUCTS_DIR; };
		2705CC3D1BB927D7004FE927 /* AppDelegate.swift */ = {isa = PBXFileReference; lastKnownFileType = sourcecode.swift; path = AppDelegate.swift; sourceTree = "<group>"; };
		2705CC3F1BB927D7004FE927 /* RootTabBarController.swift */ = {isa = PBXFileReference; lastKnownFileType = sourcecode.swift; path = RootTabBarController.swift; sourceTree = "<group>"; };
		2705CC491BB927D8004FE927 /* Info.plist */ = {isa = PBXFileReference; lastKnownFileType = text.plist.xml; path = Info.plist; sourceTree = "<group>"; };
		2705CC4E1BB927D8004FE927 /* SAGETests.xctest */ = {isa = PBXFileReference; explicitFileType = wrapper.cfbundle; includeInIndex = 0; path = SAGETests.xctest; sourceTree = BUILT_PRODUCTS_DIR; };
		2705CC521BB927D8004FE927 /* SAGETests.swift */ = {isa = PBXFileReference; lastKnownFileType = sourcecode.swift; path = SAGETests.swift; sourceTree = "<group>"; };
		2705CC541BB927D8004FE927 /* Info.plist */ = {isa = PBXFileReference; lastKnownFileType = text.plist.xml; path = Info.plist; sourceTree = "<group>"; };
		2705CC591BB927D8004FE927 /* SAGEUITests.xctest */ = {isa = PBXFileReference; explicitFileType = wrapper.cfbundle; includeInIndex = 0; path = SAGEUITests.xctest; sourceTree = BUILT_PRODUCTS_DIR; };
		2705CC5D1BB927D8004FE927 /* SAGEUITests.swift */ = {isa = PBXFileReference; lastKnownFileType = sourcecode.swift; path = SAGEUITests.swift; sourceTree = "<group>"; };
		2705CC5F1BB927D8004FE927 /* Info.plist */ = {isa = PBXFileReference; lastKnownFileType = text.plist.xml; path = Info.plist; sourceTree = "<group>"; };
		27561FCD1C0D2E0E00DAB74A /* SGButton.swift */ = {isa = PBXFileReference; fileEncoding = 4; lastKnownFileType = sourcecode.swift; path = SGButton.swift; sourceTree = "<group>"; };
		2781601B1BC0E25B00A1DB75 /* CheckinViewController.swift */ = {isa = PBXFileReference; fileEncoding = 4; lastKnownFileType = sourcecode.swift; path = CheckinViewController.swift; sourceTree = "<group>"; };
		2781601D1BC0E26B00A1DB75 /* CheckinView.swift */ = {isa = PBXFileReference; fileEncoding = 4; lastKnownFileType = sourcecode.swift; path = CheckinView.swift; sourceTree = "<group>"; };
		278912081BEEEC590005D46E /* CheckinOperations.swift */ = {isa = PBXFileReference; fileEncoding = 4; lastKnownFileType = sourcecode.swift; path = CheckinOperations.swift; sourceTree = "<group>"; };
		27D1B67B1BE0416F00F9D026 /* RequestHoursViewController.swift */ = {isa = PBXFileReference; fileEncoding = 4; lastKnownFileType = sourcecode.swift; path = RequestHoursViewController.swift; sourceTree = "<group>"; };
		27D1B67D1BE0422900F9D026 /* RequestHoursView.swift */ = {isa = PBXFileReference; fileEncoding = 4; lastKnownFileType = sourcecode.swift; path = RequestHoursView.swift; sourceTree = "<group>"; };
		27D1B67F1BE1993700F9D026 /* FormItem.swift */ = {isa = PBXFileReference; fileEncoding = 4; lastKnownFileType = sourcecode.swift; path = FormItem.swift; sourceTree = "<group>"; };
		27D1B6811BE1A62E00F9D026 /* FormFieldItem.swift */ = {isa = PBXFileReference; fileEncoding = 4; lastKnownFileType = sourcecode.swift; path = FormFieldItem.swift; sourceTree = "<group>"; };
		27D1B6831BE1C20C00F9D026 /* FormTextItem.swift */ = {isa = PBXFileReference; fileEncoding = 4; lastKnownFileType = sourcecode.swift; path = FormTextItem.swift; sourceTree = "<group>"; };
		27EB32A61C3917D400FD8050 /* SemesterVerifyViewController.swift */ = {isa = PBXFileReference; fileEncoding = 4; lastKnownFileType = sourcecode.swift; path = SemesterVerifyViewController.swift; sourceTree = "<group>"; };
		27EB32A81C3917E900FD8050 /* SemesterVerifyView.swift */ = {isa = PBXFileReference; fileEncoding = 4; lastKnownFileType = sourcecode.swift; path = SemesterVerifyView.swift; sourceTree = "<group>"; };
		27F990B81BBCC3CB00D61DA2 /* UIColor.swift */ = {isa = PBXFileReference; fileEncoding = 4; lastKnownFileType = sourcecode.swift; path = UIColor.swift; sourceTree = "<group>"; };
		27F990BF1BBCE3B300D61DA2 /* UIView.swift */ = {isa = PBXFileReference; fileEncoding = 4; lastKnownFileType = sourcecode.swift; path = UIView.swift; sourceTree = "<group>"; };
		27F990C11BBDC5C200D61DA2 /* SAGE-Bridging-Header.h */ = {isa = PBXFileReference; lastKnownFileType = sourcecode.c.h; path = "SAGE-Bridging-Header.h"; sourceTree = "<group>"; };
		27F990C31BBDD1F300D61DA2 /* UIConstants.swift */ = {isa = PBXFileReference; fileEncoding = 4; lastKnownFileType = sourcecode.swift; path = UIConstants.swift; sourceTree = "<group>"; };
		27F990C51BBDD76800D61DA2 /* StringConstants.swift */ = {isa = PBXFileReference; fileEncoding = 4; lastKnownFileType = sourcecode.swift; path = StringConstants.swift; sourceTree = "<group>"; };
		27F990C81BBDDB7E00D61DA2 /* BaseOperation.swift */ = {isa = PBXFileReference; fileEncoding = 4; lastKnownFileType = sourcecode.swift; path = BaseOperation.swift; sourceTree = "<group>"; };
		4211CCD71C0F86BF00C4797F /* EditAnnouncementController.swift */ = {isa = PBXFileReference; fileEncoding = 4; lastKnownFileType = sourcecode.swift; path = EditAnnouncementController.swift; sourceTree = "<group>"; };
		4216872C1C09286A00C29DEF /* SchoolDetailHeaderView.swift */ = {isa = PBXFileReference; fileEncoding = 4; lastKnownFileType = sourcecode.swift; path = SchoolDetailHeaderView.swift; sourceTree = "<group>"; };
		4223341D1BC090E900E863D0 /* Announcement.swift */ = {isa = PBXFileReference; fileEncoding = 4; lastKnownFileType = sourcecode.swift; path = Announcement.swift; sourceTree = "<group>"; };
		422334231BC099D400E863D0 /* Checkin.swift */ = {isa = PBXFileReference; fileEncoding = 4; lastKnownFileType = sourcecode.swift; path = Checkin.swift; sourceTree = "<group>"; };
		422334251BC09E0400E863D0 /* User.swift */ = {isa = PBXFileReference; fileEncoding = 4; lastKnownFileType = sourcecode.swift; path = User.swift; sourceTree = "<group>"; };
		422334271BC09E0F00E863D0 /* School.swift */ = {isa = PBXFileReference; fileEncoding = 4; lastKnownFileType = sourcecode.swift; path = School.swift; sourceTree = "<group>"; };
		4223342A1BC0C94600E863D0 /* UserConstants.swift */ = {isa = PBXFileReference; fileEncoding = 4; lastKnownFileType = sourcecode.swift; path = UserConstants.swift; sourceTree = "<group>"; };
		4223342C1BC0C96000E863D0 /* AnnouncementConstants.swift */ = {isa = PBXFileReference; fileEncoding = 4; lastKnownFileType = sourcecode.swift; path = AnnouncementConstants.swift; sourceTree = "<group>"; };
		4223342E1BC0C97000E863D0 /* CheckinConstants.swift */ = {isa = PBXFileReference; fileEncoding = 4; lastKnownFileType = sourcecode.swift; path = CheckinConstants.swift; sourceTree = "<group>"; };
		422334301BC0C97E00E863D0 /* SchoolConstants.swift */ = {isa = PBXFileReference; fileEncoding = 4; lastKnownFileType = sourcecode.swift; path = SchoolConstants.swift; sourceTree = "<group>"; };
		4223344E1BC0D87B00E863D0 /* libPods.a */ = {isa = PBXFileReference; lastKnownFileType = archive.ar; name = libPods.a; path = "Pods/../build/Debug-iphoneos/libPods.a"; sourceTree = "<group>"; };
		422334501BC0D8D400E863D0 /* libAFNetworking.a */ = {isa = PBXFileReference; lastKnownFileType = archive.ar; name = libAFNetworking.a; path = "Pods/../build/Debug-iphoneos/libAFNetworking.a"; sourceTree = "<group>"; };
		422334521BC0D8D900E863D0 /* libFontAwesomeKit.a */ = {isa = PBXFileReference; lastKnownFileType = archive.ar; name = libFontAwesomeKit.a; path = "Pods/../build/Debug-iphoneos/libFontAwesomeKit.a"; sourceTree = "<group>"; };
		422715441BC7359D00FD719C /* UIFont.swift */ = {isa = PBXFileReference; fileEncoding = 4; lastKnownFileType = sourcecode.swift; path = UIFont.swift; sourceTree = "<group>"; };
		4243E4DA1BF1A79100AA627A /* BrowseMentorsViewController.swift */ = {isa = PBXFileReference; fileEncoding = 4; lastKnownFileType = sourcecode.swift; path = BrowseMentorsViewController.swift; sourceTree = "<group>"; };
		424A13771BEEBC0B00775E86 /* AnnouncementsOperations.swift */ = {isa = PBXFileReference; fileEncoding = 4; lastKnownFileType = sourcecode.swift; path = AnnouncementsOperations.swift; sourceTree = "<group>"; };
		424A137B1BEED27300775E86 /* UIViewController.swift */ = {isa = PBXFileReference; fileEncoding = 4; lastKnownFileType = sourcecode.swift; path = UIViewController.swift; sourceTree = "<group>"; };
		424DEBFF1BF4B8810099CCE0 /* LoginOperations.swift */ = {isa = PBXFileReference; fileEncoding = 4; lastKnownFileType = sourcecode.swift; path = LoginOperations.swift; sourceTree = "<group>"; };
		4254C1EA1BFDCCC200D0D33E /* BrowseSchoolsViewController.swift */ = {isa = PBXFileReference; fileEncoding = 4; lastKnownFileType = sourcecode.swift; path = BrowseSchoolsViewController.swift; sourceTree = "<group>"; };
		4254C1EE1BFDD6A200D0D33E /* SignUpRequestsViewController.swift */ = {isa = PBXFileReference; fileEncoding = 4; lastKnownFileType = sourcecode.swift; path = SignUpRequestsViewController.swift; sourceTree = "<group>"; };
		4254D2921BC5AABF00C831C7 /* KeychainConstants.swift */ = {isa = PBXFileReference; fileEncoding = 4; lastKnownFileType = sourcecode.swift; path = KeychainConstants.swift; sourceTree = "<group>"; };
		4254D2981BC62B4500C831C7 /* LoginView.swift */ = {isa = PBXFileReference; fileEncoding = 4; lastKnownFileType = sourcecode.swift; path = LoginView.swift; sourceTree = "<group>"; };
		4264DFEA1BC59BE20097804D /* AFNetworking.framework */ = {isa = PBXFileReference; lastKnownFileType = wrapper.framework; name = AFNetworking.framework; path = "Pods/../build/Debug-iphoneos/AFNetworking.framework"; sourceTree = "<group>"; };
		4264DFEB1BC59BE20097804D /* FontAwesomeKit.framework */ = {isa = PBXFileReference; lastKnownFileType = wrapper.framework; name = FontAwesomeKit.framework; path = "Pods/../build/Debug-iphoneos/FontAwesomeKit.framework"; sourceTree = "<group>"; };
		4264DFEC1BC59BE20097804D /* SwiftKeychainWrapper.framework */ = {isa = PBXFileReference; lastKnownFileType = wrapper.framework; name = SwiftKeychainWrapper.framework; path = "Pods/../build/Debug-iphoneos/SwiftKeychainWrapper.framework"; sourceTree = "<group>"; };
		426838721C00329E00A97832 /* SignUpRequestTableViewCell.swift */ = {isa = PBXFileReference; fileEncoding = 4; lastKnownFileType = sourcecode.swift; path = SignUpRequestTableViewCell.swift; sourceTree = "<group>"; };
		42705CCC1BEB4F6D0081B29D /* AdminTableViewController.swift */ = {isa = PBXFileReference; fileEncoding = 4; lastKnownFileType = sourcecode.swift; path = AdminTableViewController.swift; sourceTree = "<group>"; };
		427432EF1BC776FD00464200 /* UnverifiedView.swift */ = {isa = PBXFileReference; fileEncoding = 4; lastKnownFileType = sourcecode.swift; path = UnverifiedView.swift; sourceTree = "<group>"; };
		427B72451C0C4C5B00A32DF5 /* EditSchoolController.swift */ = {isa = PBXFileReference; fileEncoding = 4; lastKnownFileType = sourcecode.swift; path = EditSchoolController.swift; sourceTree = "<group>"; };
		4280CE171BF43E5C005D1B97 /* AdminOperations.swift */ = {isa = PBXFileReference; fileEncoding = 4; lastKnownFileType = sourcecode.swift; path = AdminOperations.swift; sourceTree = "<group>"; };
		42828FC71C00718000ACBC7E /* CheckinRequestsDetailViewController.swift */ = {isa = PBXFileReference; fileEncoding = 4; lastKnownFileType = sourcecode.swift; path = CheckinRequestsDetailViewController.swift; sourceTree = "<group>"; };
		42828FC91C00718B00ACBC7E /* SignUpRequestsDetailViewController.swift */ = {isa = PBXFileReference; fileEncoding = 4; lastKnownFileType = sourcecode.swift; path = SignUpRequestsDetailViewController.swift; sourceTree = "<group>"; };
		429B1D131BDC881F006AADF6 /* ErrorView.swift */ = {isa = PBXFileReference; fileEncoding = 4; lastKnownFileType = sourcecode.swift; path = ErrorView.swift; sourceTree = "<group>"; };
		42A2E00E1C02943E00033577 /* AddAnnouncementController.swift */ = {isa = PBXFileReference; fileEncoding = 4; lastKnownFileType = sourcecode.swift; path = AddAnnouncementController.swift; sourceTree = "<group>"; };
		42A2E0101C0294C500033577 /* AddAnnouncementView.swift */ = {isa = PBXFileReference; fileEncoding = 4; lastKnownFileType = sourcecode.swift; path = AddAnnouncementView.swift; sourceTree = "<group>"; };
		42A6CE611C0BDF6800F97CFF /* SchoolDetailViewController.swift */ = {isa = PBXFileReference; fileEncoding = 4; lastKnownFileType = sourcecode.swift; path = SchoolDetailViewController.swift; sourceTree = "<group>"; };
		42A6CE631C0BDFC700F97CFF /* SchoolsTableViewCell.swift */ = {isa = PBXFileReference; fileEncoding = 4; lastKnownFileType = sourcecode.swift; path = SchoolsTableViewCell.swift; sourceTree = "<group>"; };
		42A6CE651C0BDFFD00F97CFF /* UsersTableViewCell.swift */ = {isa = PBXFileReference; fileEncoding = 4; lastKnownFileType = sourcecode.swift; path = UsersTableViewCell.swift; sourceTree = "<group>"; };
		42B82B441C0478630076892A /* FormButtonItem.swift */ = {isa = PBXFileReference; fileEncoding = 4; lastKnownFileType = sourcecode.swift; path = FormButtonItem.swift; sourceTree = "<group>"; };
		42C1D1C41C0522B800625B35 /* SelectAnnouncementSchoolTableViewController.swift */ = {isa = PBXFileReference; fileEncoding = 4; lastKnownFileType = sourcecode.swift; path = SelectAnnouncementSchoolTableViewController.swift; sourceTree = "<group>"; };
		42C3933E1BC45DB900630F93 /* LoginController.swift */ = {isa = PBXFileReference; fileEncoding = 4; lastKnownFileType = sourcecode.swift; path = LoginController.swift; sourceTree = "<group>"; };
		42C393401BC45DEC00630F93 /* RootController.swift */ = {isa = PBXFileReference; fileEncoding = 4; lastKnownFileType = sourcecode.swift; path = RootController.swift; sourceTree = "<group>"; };
		42C393421BC4607D00630F93 /* UnverifiedViewController.swift */ = {isa = PBXFileReference; fileEncoding = 4; lastKnownFileType = sourcecode.swift; path = UnverifiedViewController.swift; sourceTree = "<group>"; };
		42C435291C013F8D000F6671 /* AddSchoolLocationTableViewController.swift */ = {isa = PBXFileReference; fileEncoding = 4; lastKnownFileType = sourcecode.swift; path = AddSchoolLocationTableViewController.swift; sourceTree = "<group>"; };
		42C4352B1C013FA0000F6671 /* AddSchoolDirectorTableViewController.swift */ = {isa = PBXFileReference; fileEncoding = 4; lastKnownFileType = sourcecode.swift; path = AddSchoolDirectorTableViewController.swift; sourceTree = "<group>"; };
		42DE22151C0F92BE00071879 /* NotificationConstants.swift */ = {isa = PBXFileReference; fileEncoding = 4; lastKnownFileType = sourcecode.swift; path = NotificationConstants.swift; sourceTree = "<group>"; };
		42E38DC61BFE957E0048B8D4 /* UIImageView.swift */ = {isa = PBXFileReference; fileEncoding = 4; lastKnownFileType = sourcecode.swift; path = UIImageView.swift; sourceTree = "<group>"; };
		42EDBDED1BDF38420092D5F5 /* UIImage.swift */ = {isa = PBXFileReference; fileEncoding = 4; lastKnownFileType = sourcecode.swift; path = UIImage.swift; sourceTree = "<group>"; };
		42EFD6711BC7A9EA0063FD78 /* SignUpController.swift */ = {isa = PBXFileReference; fileEncoding = 4; lastKnownFileType = sourcecode.swift; path = SignUpController.swift; sourceTree = "<group>"; };
		42EFD6731BC9E6F30063FD78 /* SignUpView.swift */ = {isa = PBXFileReference; fileEncoding = 4; lastKnownFileType = sourcecode.swift; path = SignUpView.swift; sourceTree = "<group>"; };
		42EFD6761BC9EC540063FD78 /* SignUpNameView.swift */ = {isa = PBXFileReference; fileEncoding = 4; lastKnownFileType = sourcecode.swift; path = SignUpNameView.swift; sourceTree = "<group>"; };
		42EFD6781BC9EC630063FD78 /* SignUpEmailPasswordView.swift */ = {isa = PBXFileReference; fileEncoding = 4; lastKnownFileType = sourcecode.swift; path = SignUpEmailPasswordView.swift; sourceTree = "<group>"; };
		42EFD67A1BC9EC830063FD78 /* SignUpSchoolHoursView.swift */ = {isa = PBXFileReference; fileEncoding = 4; lastKnownFileType = sourcecode.swift; path = SignUpSchoolHoursView.swift; sourceTree = "<group>"; };
		42EFD67C1BC9EC900063FD78 /* SignUpPhotoView.swift */ = {isa = PBXFileReference; fileEncoding = 4; lastKnownFileType = sourcecode.swift; path = SignUpPhotoView.swift; sourceTree = "<group>"; };
		42EFD67E1BC9ED730063FD78 /* SignUpFormView.swift */ = {isa = PBXFileReference; fileEncoding = 4; lastKnownFileType = sourcecode.swift; path = SignUpFormView.swift; sourceTree = "<group>"; };
		42F71DF21BF802D2004E1B3B /* CheckinRequestsViewController.swift */ = {isa = PBXFileReference; fileEncoding = 4; lastKnownFileType = sourcecode.swift; path = CheckinRequestsViewController.swift; sourceTree = "<group>"; };
		42F71DF51BF80478004E1B3B /* CheckinRequestTableViewCell.swift */ = {isa = PBXFileReference; fileEncoding = 4; lastKnownFileType = sourcecode.swift; path = CheckinRequestTableViewCell.swift; sourceTree = "<group>"; };
		42F75B211BD451DA00835595 /* SignUpTableViewController.swift */ = {isa = PBXFileReference; fileEncoding = 4; lastKnownFileType = sourcecode.swift; path = SignUpTableViewController.swift; sourceTree = "<group>"; };
		42F85ED71C01328700F62C37 /* AddSchoolController.swift */ = {isa = PBXFileReference; fileEncoding = 4; lastKnownFileType = sourcecode.swift; path = AddSchoolController.swift; sourceTree = "<group>"; };
		42F85ED91C0132CB00F62C37 /* AddSchoolView.swift */ = {isa = PBXFileReference; fileEncoding = 4; lastKnownFileType = sourcecode.swift; path = AddSchoolView.swift; sourceTree = "<group>"; };
		4460619C7F02BF25BCA11953 /* Pods.debug.xcconfig */ = {isa = PBXFileReference; includeInIndex = 1; lastKnownFileType = text.xcconfig; name = Pods.debug.xcconfig; path = "Pods/Target Support Files/Pods/Pods.debug.xcconfig"; sourceTree = "<group>"; };
		5D221C231C18D296008FBD9B /* CheckinTableViewCell.swift */ = {isa = PBXFileReference; fileEncoding = 4; lastKnownFileType = sourcecode.swift; path = CheckinTableViewCell.swift; sourceTree = "<group>"; };
		5D63EF111BFC86340036D478 /* SchoolOperations.swift */ = {isa = PBXFileReference; fileEncoding = 4; lastKnownFileType = sourcecode.swift; path = SchoolOperations.swift; sourceTree = "<group>"; };
		5D757DB41C12381200BDAE61 /* ProfileCheckinViewController.swift */ = {isa = PBXFileReference; fileEncoding = 4; lastKnownFileType = sourcecode.swift; path = ProfileCheckinViewController.swift; sourceTree = "<group>"; };
		5D8AF9881BEECFCD0008D2C4 /* AnnouncementsDetailView.swift */ = {isa = PBXFileReference; fileEncoding = 4; lastKnownFileType = sourcecode.swift; path = AnnouncementsDetailView.swift; sourceTree = "<group>"; };
		5D8AF98A1BEED06E0008D2C4 /* AnnouncementsDetailViewController.swift */ = {isa = PBXFileReference; fileEncoding = 4; lastKnownFileType = sourcecode.swift; path = AnnouncementsDetailViewController.swift; sourceTree = "<group>"; };
		5D8AF98E1BEF059D0008D2C4 /* Images.xcassets */ = {isa = PBXFileReference; lastKnownFileType = folder.assetcatalog; path = Images.xcassets; sourceTree = "<group>"; };
		5D916A1A1C013529003959CE /* ProfileViewController.swift */ = {isa = PBXFileReference; fileEncoding = 4; lastKnownFileType = sourcecode.swift; path = ProfileViewController.swift; sourceTree = "<group>"; };
		5D916A1C1C01353D003959CE /* ProfileView.swift */ = {isa = PBXFileReference; fileEncoding = 4; lastKnownFileType = sourcecode.swift; path = ProfileView.swift; sourceTree = "<group>"; };
		5DD14CFD1BD3394E00B935DE /* AnnouncementsTableViewCell.swift */ = {isa = PBXFileReference; fileEncoding = 4; lastKnownFileType = sourcecode.swift; path = AnnouncementsTableViewCell.swift; sourceTree = "<group>"; };
		5DEC6C4D1BC9FD260085BF07 /* AnnouncementsViewController.swift */ = {isa = PBXFileReference; fileEncoding = 4; lastKnownFileType = sourcecode.swift; path = AnnouncementsViewController.swift; sourceTree = "<group>"; };
		5DF193681C0C34A7003A6B0E /* ProfileOperations.swift */ = {isa = PBXFileReference; fileEncoding = 4; lastKnownFileType = sourcecode.swift; path = ProfileOperations.swift; sourceTree = "<group>"; };
		8F3B940583EC03D3C82EAAD0 /* Pods.framework */ = {isa = PBXFileReference; explicitFileType = wrapper.framework; includeInIndex = 0; path = Pods.framework; sourceTree = BUILT_PRODUCTS_DIR; };
/* End PBXFileReference section */

/* Begin PBXFrameworksBuildPhase section */
		2705CC371BB927D7004FE927 /* Frameworks */ = {
			isa = PBXFrameworksBuildPhase;
			buildActionMask = 2147483647;
			files = (
				22E8AFA2C4807E582FFD7452 /* Pods.framework in Frameworks */,
			);
			runOnlyForDeploymentPostprocessing = 0;
		};
		2705CC4B1BB927D8004FE927 /* Frameworks */ = {
			isa = PBXFrameworksBuildPhase;
			buildActionMask = 2147483647;
			files = (
				422334531BC0D8D900E863D0 /* libFontAwesomeKit.a in Frameworks */,
				422334511BC0D8D400E863D0 /* libAFNetworking.a in Frameworks */,
				4223344F1BC0D87B00E863D0 /* libPods.a in Frameworks */,
			);
			runOnlyForDeploymentPostprocessing = 0;
		};
		2705CC561BB927D8004FE927 /* Frameworks */ = {
			isa = PBXFrameworksBuildPhase;
			buildActionMask = 2147483647;
			files = (
				584CDC4300AD746DE61B3744 /* (null) in Frameworks */,
			);
			runOnlyForDeploymentPostprocessing = 0;
		};
/* End PBXFrameworksBuildPhase section */

/* Begin PBXGroup section */
		19047DE251CEEBDEB3C70618 /* Frameworks */ = {
			isa = PBXGroup;
			children = (
				4264DFEA1BC59BE20097804D /* AFNetworking.framework */,
				4264DFEB1BC59BE20097804D /* FontAwesomeKit.framework */,
				4264DFEC1BC59BE20097804D /* SwiftKeychainWrapper.framework */,
				422334521BC0D8D900E863D0 /* libFontAwesomeKit.a */,
				422334501BC0D8D400E863D0 /* libAFNetworking.a */,
				4223344E1BC0D87B00E863D0 /* libPods.a */,
				8F3B940583EC03D3C82EAAD0 /* Pods.framework */,
			);
			name = Frameworks;
			sourceTree = "<group>";
		};
		2705CC311BB927D7004FE927 = {
			isa = PBXGroup;
			children = (
				2705CC3C1BB927D7004FE927 /* SAGE */,
				2705CC511BB927D8004FE927 /* SAGETests */,
				2705CC5C1BB927D8004FE927 /* SAGEUITests */,
				2705CC3B1BB927D7004FE927 /* Products */,
				EDECFCEB40B96BC560906CF2 /* Pods */,
				19047DE251CEEBDEB3C70618 /* Frameworks */,
			);
			sourceTree = "<group>";
		};
		2705CC3B1BB927D7004FE927 /* Products */ = {
			isa = PBXGroup;
			children = (
				2705CC3A1BB927D7004FE927 /* SAGE.app */,
				2705CC4E1BB927D8004FE927 /* SAGETests.xctest */,
				2705CC591BB927D8004FE927 /* SAGEUITests.xctest */,
			);
			name = Products;
			sourceTree = "<group>";
		};
		2705CC3C1BB927D7004FE927 /* SAGE */ = {
			isa = PBXGroup;
			children = (
				27F990BB1BBCC58700D61DA2 /* Controllers */,
				27F990BC1BBCC58D00D61DA2 /* Views */,
				27F990BD1BBCC59500D61DA2 /* Models */,
				27F990C71BBDDB6000D61DA2 /* Networking */,
				27F990BA1BBCC57300D61DA2 /* Categories */,
				27F990C21BBDD14E00D61DA2 /* Constants */,
				2705CC3D1BB927D7004FE927 /* AppDelegate.swift */,
				27F990C11BBDC5C200D61DA2 /* SAGE-Bridging-Header.h */,
				2705CC491BB927D8004FE927 /* Info.plist */,
				5D8AF98E1BEF059D0008D2C4 /* Images.xcassets */,
			);
			path = SAGE;
			sourceTree = "<group>";
		};
		2705CC511BB927D8004FE927 /* SAGETests */ = {
			isa = PBXGroup;
			children = (
				2705CC521BB927D8004FE927 /* SAGETests.swift */,
				2705CC541BB927D8004FE927 /* Info.plist */,
			);
			path = SAGETests;
			sourceTree = "<group>";
		};
		2705CC5C1BB927D8004FE927 /* SAGEUITests */ = {
			isa = PBXGroup;
			children = (
				2705CC5D1BB927D8004FE927 /* SAGEUITests.swift */,
				2705CC5F1BB927D8004FE927 /* Info.plist */,
			);
			path = SAGEUITests;
			sourceTree = "<group>";
		};
		278160191BC0E1FD00A1DB75 /* Checkin */ = {
			isa = PBXGroup;
			children = (
				2781601B1BC0E25B00A1DB75 /* CheckinViewController.swift */,
				27D1B67B1BE0416F00F9D026 /* RequestHoursViewController.swift */,
			);
			name = Checkin;
			sourceTree = "<group>";
		};
		2781601A1BC0E23B00A1DB75 /* Checkin */ = {
			isa = PBXGroup;
			children = (
				2781601D1BC0E26B00A1DB75 /* CheckinView.swift */,
				27D1B67D1BE0422900F9D026 /* RequestHoursView.swift */,
			);
			name = Checkin;
			sourceTree = "<group>";
		};
		27F990BA1BBCC57300D61DA2 /* Categories */ = {
			isa = PBXGroup;
			children = (
				27F990B81BBCC3CB00D61DA2 /* UIColor.swift */,
				42EDBDED1BDF38420092D5F5 /* UIImage.swift */,
				42E38DC61BFE957E0048B8D4 /* UIImageView.swift */,
				27F990BF1BBCE3B300D61DA2 /* UIView.swift */,
				424A137B1BEED27300775E86 /* UIViewController.swift */,
				422715441BC7359D00FD719C /* UIFont.swift */,
			);
			name = Categories;
			sourceTree = "<group>";
		};
		27F990BB1BBCC58700D61DA2 /* Controllers */ = {
			isa = PBXGroup;
			children = (
				5D916A181C013503003959CE /* Profile */,
				42705CCB1BEB4F3A0081B29D /* Admin */,
				278160191BC0E1FD00A1DB75 /* Checkin */,
				5DF500571BDC89DD00FE16E3 /* Announcements */,
				42EFD66E1BC7A96A0063FD78 /* Sign Up */,
				4254D2961BC5B19100C831C7 /* Login */,
				2705CC3F1BB927D7004FE927 /* RootTabBarController.swift */,
				42C393401BC45DEC00630F93 /* RootController.swift */,
			);
			name = Controllers;
			sourceTree = "<group>";
		};
		27F990BC1BBCC58D00D61DA2 /* Views */ = {
			isa = PBXGroup;
			children = (
				5D916A191C01350D003959CE /* Profile */,
				4243E4DF1BF1B2BE00AA627A /* Admin Views */,
				5DD14CFF1BD33B4200B935DE /* Announcements */,
				42EFD6751BC9EC0D0063FD78 /* Sign Up Views */,
				27F990BE1BBCC5A300D61DA2 /* Reusable */,
				2781601A1BC0E23B00A1DB75 /* Checkin */,
				4254D2981BC62B4500C831C7 /* LoginView.swift */,
				427432EF1BC776FD00464200 /* UnverifiedView.swift */,
			);
			name = Views;
			sourceTree = "<group>";
		};
		27F990BD1BBCC59500D61DA2 /* Models */ = {
			isa = PBXGroup;
			children = (
				4223341D1BC090E900E863D0 /* Announcement.swift */,
				422334231BC099D400E863D0 /* Checkin.swift */,
				422334251BC09E0400E863D0 /* User.swift */,
				422334271BC09E0F00E863D0 /* School.swift */,
			);
			name = Models;
			sourceTree = "<group>";
		};
		27F990BE1BBCC5A300D61DA2 /* Reusable */ = {
			isa = PBXGroup;
			children = (
				42A6CE681C0BE03300F97CFF /* Table View Cells */,
				42A6CE671C0BE02700F97CFF /* Form */,
				429B1D131BDC881F006AADF6 /* ErrorView.swift */,
				27561FCD1C0D2E0E00DAB74A /* SGButton.swift */,
				27044BCE1C0E61AD00ABE27D /* SGBarButtonItem.swift */,
			);
			name = Reusable;
			sourceTree = "<group>";
		};
		27F990C21BBDD14E00D61DA2 /* Constants */ = {
			isa = PBXGroup;
			children = (
				422334291BC0C91B00E863D0 /* ModelConstants */,
				27F990C31BBDD1F300D61DA2 /* UIConstants.swift */,
				42DE22151C0F92BE00071879 /* NotificationConstants.swift */,
				4254D2921BC5AABF00C831C7 /* KeychainConstants.swift */,
				27F990C51BBDD76800D61DA2 /* StringConstants.swift */,
			);
			name = Constants;
			sourceTree = "<group>";
		};
		27F990C71BBDDB6000D61DA2 /* Networking */ = {
			isa = PBXGroup;
			children = (
				27F990C81BBDDB7E00D61DA2 /* BaseOperation.swift */,
				278912081BEEEC590005D46E /* CheckinOperations.swift */,
				424A13771BEEBC0B00775E86 /* AnnouncementsOperations.swift */,
				4280CE171BF43E5C005D1B97 /* AdminOperations.swift */,
				424DEBFF1BF4B8810099CCE0 /* LoginOperations.swift */,
				5D63EF111BFC86340036D478 /* SchoolOperations.swift */,
				5DF193681C0C34A7003A6B0E /* ProfileOperations.swift */,
			);
			name = Networking;
			sourceTree = "<group>";
		};
		422334291BC0C91B00E863D0 /* ModelConstants */ = {
			isa = PBXGroup;
			children = (
				4223342A1BC0C94600E863D0 /* UserConstants.swift */,
				4223342C1BC0C96000E863D0 /* AnnouncementConstants.swift */,
				4223342E1BC0C97000E863D0 /* CheckinConstants.swift */,
				422334301BC0C97E00E863D0 /* SchoolConstants.swift */,
				114953501C190CAA00A74845 /* APIKeys.swift */,
			);
			name = ModelConstants;
			sourceTree = "<group>";
		};
		4243E4DF1BF1B2BE00AA627A /* Admin Views */ = {
			isa = PBXGroup;
			children = (
				42F71DF41BF80455004E1B3B /* Requests */,
				4280CE1A1BF43F01005D1B97 /* Browse */,
				27EB32A81C3917E900FD8050 /* SemesterVerifyView.swift */,
			);
			name = "Admin Views";
			sourceTree = "<group>";
		};
		4254D2961BC5B19100C831C7 /* Login */ = {
			isa = PBXGroup;
			children = (
				42C3933E1BC45DB900630F93 /* LoginController.swift */,
				42C393421BC4607D00630F93 /* UnverifiedViewController.swift */,
			);
			name = Login;
			sourceTree = "<group>";
		};
		42705CCB1BEB4F3A0081B29D /* Admin */ = {
			isa = PBXGroup;
			children = (
				42828FC21C006FF300ACBC7E /* Requests */,
				42828FC11C006FE800ACBC7E /* Browse */,
				42705CCC1BEB4F6D0081B29D /* AdminTableViewController.swift */,
				27EB32A61C3917D400FD8050 /* SemesterVerifyViewController.swift */,
			);
			name = Admin;
			sourceTree = "<group>";
		};
		4280CE1A1BF43F01005D1B97 /* Browse */ = {
			isa = PBXGroup;
			children = (
				42F85ED91C0132CB00F62C37 /* AddSchoolView.swift */,
				4216872C1C09286A00C29DEF /* SchoolDetailHeaderView.swift */,
			);
			name = Browse;
			sourceTree = "<group>";
		};
		42828FC11C006FE800ACBC7E /* Browse */ = {
			isa = PBXGroup;
			children = (
				4243E4DA1BF1A79100AA627A /* BrowseMentorsViewController.swift */,
				4254C1EA1BFDCCC200D0D33E /* BrowseSchoolsViewController.swift */,
				427B72451C0C4C5B00A32DF5 /* EditSchoolController.swift */,
				42C435291C013F8D000F6671 /* AddSchoolLocationTableViewController.swift */,
				42C4352B1C013FA0000F6671 /* AddSchoolDirectorTableViewController.swift */,
				42A6CE611C0BDF6800F97CFF /* SchoolDetailViewController.swift */,
				42F85ED71C01328700F62C37 /* AddSchoolController.swift */,
			);
			name = Browse;
			sourceTree = "<group>";
		};
		42828FC21C006FF300ACBC7E /* Requests */ = {
			isa = PBXGroup;
			children = (
				4254C1EE1BFDD6A200D0D33E /* SignUpRequestsViewController.swift */,
				42828FC91C00718B00ACBC7E /* SignUpRequestsDetailViewController.swift */,
				42F71DF21BF802D2004E1B3B /* CheckinRequestsViewController.swift */,
				42828FC71C00718000ACBC7E /* CheckinRequestsDetailViewController.swift */,
			);
			name = Requests;
			sourceTree = "<group>";
		};
		42A6CE671C0BE02700F97CFF /* Form */ = {
			isa = PBXGroup;
			children = (
				27D1B67F1BE1993700F9D026 /* FormItem.swift */,
				27D1B6811BE1A62E00F9D026 /* FormFieldItem.swift */,
				42B82B441C0478630076892A /* FormButtonItem.swift */,
				27D1B6831BE1C20C00F9D026 /* FormTextItem.swift */,
			);
			name = Form;
			sourceTree = "<group>";
		};
		42A6CE681C0BE03300F97CFF /* Table View Cells */ = {
			isa = PBXGroup;
			children = (
				42A6CE631C0BDFC700F97CFF /* SchoolsTableViewCell.swift */,
				42A6CE651C0BDFFD00F97CFF /* UsersTableViewCell.swift */,
				5D221C231C18D296008FBD9B /* CheckinTableViewCell.swift */,
			);
			name = "Table View Cells";
			sourceTree = "<group>";
		};
		42EFD66E1BC7A96A0063FD78 /* Sign Up */ = {
			isa = PBXGroup;
			children = (
				42EFD6711BC7A9EA0063FD78 /* SignUpController.swift */,
				42F75B211BD451DA00835595 /* SignUpTableViewController.swift */,
			);
			name = "Sign Up";
			sourceTree = "<group>";
		};
		42EFD6751BC9EC0D0063FD78 /* Sign Up Views */ = {
			isa = PBXGroup;
			children = (
				42EFD6731BC9E6F30063FD78 /* SignUpView.swift */,
				42EFD6761BC9EC540063FD78 /* SignUpNameView.swift */,
				42EFD67E1BC9ED730063FD78 /* SignUpFormView.swift */,
				42EFD6781BC9EC630063FD78 /* SignUpEmailPasswordView.swift */,
				42EFD67A1BC9EC830063FD78 /* SignUpSchoolHoursView.swift */,
				42EFD67C1BC9EC900063FD78 /* SignUpPhotoView.swift */,
			);
			name = "Sign Up Views";
			sourceTree = "<group>";
		};
		42F71DF41BF80455004E1B3B /* Requests */ = {
			isa = PBXGroup;
			children = (
				42F71DF51BF80478004E1B3B /* CheckinRequestTableViewCell.swift */,
				426838721C00329E00A97832 /* SignUpRequestTableViewCell.swift */,
			);
			name = Requests;
			sourceTree = "<group>";
		};
		5D916A181C013503003959CE /* Profile */ = {
			isa = PBXGroup;
			children = (
				5D916A1A1C013529003959CE /* ProfileViewController.swift */,
				5D757DB41C12381200BDAE61 /* ProfileCheckinViewController.swift */,
			);
			name = Profile;
			sourceTree = "<group>";
		};
		5D916A191C01350D003959CE /* Profile */ = {
			isa = PBXGroup;
			children = (
				5D916A1C1C01353D003959CE /* ProfileView.swift */,
			);
			name = Profile;
			sourceTree = "<group>";
		};
		5DD14CFF1BD33B4200B935DE /* Announcements */ = {
			isa = PBXGroup;
			children = (
				5DD14CFD1BD3394E00B935DE /* AnnouncementsTableViewCell.swift */,
				5D8AF9881BEECFCD0008D2C4 /* AnnouncementsDetailView.swift */,
				42A2E0101C0294C500033577 /* AddAnnouncementView.swift */,
			);
			name = Announcements;
			sourceTree = "<group>";
		};
		5DF500571BDC89DD00FE16E3 /* Announcements */ = {
			isa = PBXGroup;
			children = (
				5DEC6C4D1BC9FD260085BF07 /* AnnouncementsViewController.swift */,
				42C1D1C41C0522B800625B35 /* SelectAnnouncementSchoolTableViewController.swift */,
				42A2E00E1C02943E00033577 /* AddAnnouncementController.swift */,
				4211CCD71C0F86BF00C4797F /* EditAnnouncementController.swift */,
				5D8AF98A1BEED06E0008D2C4 /* AnnouncementsDetailViewController.swift */,
			);
			name = Announcements;
			sourceTree = "<group>";
		};
		EDECFCEB40B96BC560906CF2 /* Pods */ = {
			isa = PBXGroup;
			children = (
				4460619C7F02BF25BCA11953 /* Pods.debug.xcconfig */,
				038E557A8664D96BC0F724A9 /* Pods.release.xcconfig */,
			);
			name = Pods;
			sourceTree = "<group>";
		};
/* End PBXGroup section */

/* Begin PBXNativeTarget section */
		2705CC391BB927D7004FE927 /* SAGE */ = {
			isa = PBXNativeTarget;
			buildConfigurationList = 2705CC621BB927D8004FE927 /* Build configuration list for PBXNativeTarget "SAGE" */;
			buildPhases = (
				34AA61E0AFDC48298B0E34A9 /* Check Pods Manifest.lock */,
				2705CC361BB927D7004FE927 /* Sources */,
				2705CC371BB927D7004FE927 /* Frameworks */,
				2705CC381BB927D7004FE927 /* Resources */,
				D618C8EF9DED9A7A181AC325 /* Copy Pods Resources */,
				E6627A52F2E0F2FC3135C391 /* Embed Pods Frameworks */,
			);
			buildRules = (
			);
			dependencies = (
			);
			name = SAGE;
			productName = SAGE;
			productReference = 2705CC3A1BB927D7004FE927 /* SAGE.app */;
			productType = "com.apple.product-type.application";
		};
		2705CC4D1BB927D8004FE927 /* SAGETests */ = {
			isa = PBXNativeTarget;
			buildConfigurationList = 2705CC651BB927D8004FE927 /* Build configuration list for PBXNativeTarget "SAGETests" */;
			buildPhases = (
				2705CC4A1BB927D8004FE927 /* Sources */,
				2705CC4B1BB927D8004FE927 /* Frameworks */,
				2705CC4C1BB927D8004FE927 /* Resources */,
			);
			buildRules = (
			);
			dependencies = (
				2705CC501BB927D8004FE927 /* PBXTargetDependency */,
			);
			name = SAGETests;
			productName = SAGETests;
			productReference = 2705CC4E1BB927D8004FE927 /* SAGETests.xctest */;
			productType = "com.apple.product-type.bundle.unit-test";
		};
		2705CC581BB927D8004FE927 /* SAGEUITests */ = {
			isa = PBXNativeTarget;
			buildConfigurationList = 2705CC681BB927D8004FE927 /* Build configuration list for PBXNativeTarget "SAGEUITests" */;
			buildPhases = (
				72372038996B782EA1C12B94 /* Check Pods Manifest.lock */,
				2705CC551BB927D8004FE927 /* Sources */,
				2705CC561BB927D8004FE927 /* Frameworks */,
				2705CC571BB927D8004FE927 /* Resources */,
			);
			buildRules = (
			);
			dependencies = (
				2705CC5B1BB927D8004FE927 /* PBXTargetDependency */,
			);
			name = SAGEUITests;
			productName = SAGEUITests;
			productReference = 2705CC591BB927D8004FE927 /* SAGEUITests.xctest */;
			productType = "com.apple.product-type.bundle.ui-testing";
		};
/* End PBXNativeTarget section */

/* Begin PBXProject section */
		2705CC321BB927D7004FE927 /* Project object */ = {
			isa = PBXProject;
			attributes = {
				LastUpgradeCheck = 0700;
				ORGANIZATIONNAME = "Cal Blueprint";
				TargetAttributes = {
					2705CC391BB927D7004FE927 = {
						CreatedOnToolsVersion = 7.0;
						DevelopmentTeam = Y635P4CS27;
					};
					2705CC4D1BB927D8004FE927 = {
						CreatedOnToolsVersion = 7.0;
						TestTargetID = 2705CC391BB927D7004FE927;
					};
					2705CC581BB927D8004FE927 = {
						CreatedOnToolsVersion = 7.0;
						TestTargetID = 2705CC391BB927D7004FE927;
					};
				};
			};
			buildConfigurationList = 2705CC351BB927D7004FE927 /* Build configuration list for PBXProject "SAGE" */;
			compatibilityVersion = "Xcode 3.2";
			developmentRegion = English;
			hasScannedForEncodings = 0;
			knownRegions = (
				en,
				Base,
			);
			mainGroup = 2705CC311BB927D7004FE927;
			productRefGroup = 2705CC3B1BB927D7004FE927 /* Products */;
			projectDirPath = "";
			projectRoot = "";
			targets = (
				2705CC391BB927D7004FE927 /* SAGE */,
				2705CC4D1BB927D8004FE927 /* SAGETests */,
				2705CC581BB927D8004FE927 /* SAGEUITests */,
			);
		};
/* End PBXProject section */

/* Begin PBXResourcesBuildPhase section */
		2705CC381BB927D7004FE927 /* Resources */ = {
			isa = PBXResourcesBuildPhase;
			buildActionMask = 2147483647;
			files = (
				5D8AF98F1BEF059D0008D2C4 /* Images.xcassets in Resources */,
			);
			runOnlyForDeploymentPostprocessing = 0;
		};
		2705CC4C1BB927D8004FE927 /* Resources */ = {
			isa = PBXResourcesBuildPhase;
			buildActionMask = 2147483647;
			files = (
			);
			runOnlyForDeploymentPostprocessing = 0;
		};
		2705CC571BB927D8004FE927 /* Resources */ = {
			isa = PBXResourcesBuildPhase;
			buildActionMask = 2147483647;
			files = (
			);
			runOnlyForDeploymentPostprocessing = 0;
		};
/* End PBXResourcesBuildPhase section */

/* Begin PBXShellScriptBuildPhase section */
		34AA61E0AFDC48298B0E34A9 /* Check Pods Manifest.lock */ = {
			isa = PBXShellScriptBuildPhase;
			buildActionMask = 2147483647;
			files = (
			);
			inputPaths = (
			);
			name = "Check Pods Manifest.lock";
			outputPaths = (
			);
			runOnlyForDeploymentPostprocessing = 0;
			shellPath = /bin/sh;
			shellScript = "diff \"${PODS_ROOT}/../Podfile.lock\" \"${PODS_ROOT}/Manifest.lock\" > /dev/null\nif [[ $? != 0 ]] ; then\n    cat << EOM\nerror: The sandbox is not in sync with the Podfile.lock. Run 'pod install' or update your CocoaPods installation.\nEOM\n    exit 1\nfi\n";
			showEnvVarsInLog = 0;
		};
		72372038996B782EA1C12B94 /* Check Pods Manifest.lock */ = {
			isa = PBXShellScriptBuildPhase;
			buildActionMask = 2147483647;
			files = (
			);
			inputPaths = (
			);
			name = "Check Pods Manifest.lock";
			outputPaths = (
			);
			runOnlyForDeploymentPostprocessing = 0;
			shellPath = /bin/sh;
			shellScript = "diff \"${PODS_ROOT}/../Podfile.lock\" \"${PODS_ROOT}/Manifest.lock\" > /dev/null\nif [[ $? != 0 ]] ; then\n    cat << EOM\nerror: The sandbox is not in sync with the Podfile.lock. Run 'pod install' or update your CocoaPods installation.\nEOM\n    exit 1\nfi\n";
			showEnvVarsInLog = 0;
		};
		D618C8EF9DED9A7A181AC325 /* Copy Pods Resources */ = {
			isa = PBXShellScriptBuildPhase;
			buildActionMask = 2147483647;
			files = (
			);
			inputPaths = (
			);
			name = "Copy Pods Resources";
			outputPaths = (
			);
			runOnlyForDeploymentPostprocessing = 0;
			shellPath = /bin/sh;
			shellScript = "\"${SRCROOT}/Pods/Target Support Files/Pods/Pods-resources.sh\"\n";
			showEnvVarsInLog = 0;
		};
		E6627A52F2E0F2FC3135C391 /* Embed Pods Frameworks */ = {
			isa = PBXShellScriptBuildPhase;
			buildActionMask = 2147483647;
			files = (
			);
			inputPaths = (
			);
			name = "Embed Pods Frameworks";
			outputPaths = (
			);
			runOnlyForDeploymentPostprocessing = 0;
			shellPath = /bin/sh;
			shellScript = "\"${SRCROOT}/Pods/Target Support Files/Pods/Pods-frameworks.sh\"\n";
			showEnvVarsInLog = 0;
		};
/* End PBXShellScriptBuildPhase section */

/* Begin PBXSourcesBuildPhase section */
		2705CC361BB927D7004FE927 /* Sources */ = {
			isa = PBXSourcesBuildPhase;
			buildActionMask = 2147483647;
			files = (
				42EFD67F1BC9ED730063FD78 /* SignUpFormView.swift in Sources */,
				27D1B6821BE1A62E00F9D026 /* FormFieldItem.swift in Sources */,
				42EFD67B1BC9EC830063FD78 /* SignUpSchoolHoursView.swift in Sources */,
				42DE22161C0F92BE00071879 /* NotificationConstants.swift in Sources */,
				42F85ED81C01328700F62C37 /* AddSchoolController.swift in Sources */,
				4223341E1BC090E900E863D0 /* Announcement.swift in Sources */,
				2781601E1BC0E26B00A1DB75 /* CheckinView.swift in Sources */,
				27F990C41BBDD1F300D61DA2 /* UIConstants.swift in Sources */,
				27D1B67C1BE0417000F9D026 /* RequestHoursViewController.swift in Sources */,
				422334241BC099D400E863D0 /* Checkin.swift in Sources */,
				42EFD6791BC9EC630063FD78 /* SignUpEmailPasswordView.swift in Sources */,
				4254D2931BC5AABF00C831C7 /* KeychainConstants.swift in Sources */,
				27561FCE1C0D2E0E00DAB74A /* SGButton.swift in Sources */,
				27D1B6801BE1993700F9D026 /* FormItem.swift in Sources */,
				42C4352A1C013F8D000F6671 /* AddSchoolLocationTableViewController.swift in Sources */,
				422334311BC0C97E00E863D0 /* SchoolConstants.swift in Sources */,
				42C4352C1C013FA0000F6671 /* AddSchoolDirectorTableViewController.swift in Sources */,
				27F990C91BBDDB7E00D61DA2 /* BaseOperation.swift in Sources */,
				42705CCD1BEB4F6D0081B29D /* AdminTableViewController.swift in Sources */,
				42EFD67D1BC9EC900063FD78 /* SignUpPhotoView.swift in Sources */,
				422715451BC7359D00FD719C /* UIFont.swift in Sources */,
				5D916A1D1C01353D003959CE /* ProfileView.swift in Sources */,
				4211CCD81C0F86BF00C4797F /* EditAnnouncementController.swift in Sources */,
				42E38DC71BFE957E0048B8D4 /* UIImageView.swift in Sources */,
				4280CE181BF43E5C005D1B97 /* AdminOperations.swift in Sources */,
				27F990C01BBCE3B400D61DA2 /* UIView.swift in Sources */,
				42A2E0111C0294C500033577 /* AddAnnouncementView.swift in Sources */,
				42828FC41C00701000ACBC7E /* BrowseMentorsDetailViewController.swift in Sources */,
				27EB32A91C3917E900FD8050 /* SemesterVerifyView.swift in Sources */,
				4223342F1BC0C97000E863D0 /* CheckinConstants.swift in Sources */,
				5DD14CFE1BD3394E00B935DE /* AnnouncementsTableViewCell.swift in Sources */,
				5D63EF121BFC86340036D478 /* SchoolOperations.swift in Sources */,
				42EDBDEE1BDF38420092D5F5 /* UIImage.swift in Sources */,
				5D757DB51C12381200BDAE61 /* ProfileCheckinViewController.swift in Sources */,
				27044BCF1C0E61AD00ABE27D /* SGBarButtonItem.swift in Sources */,
				424A137C1BEED27300775E86 /* UIViewController.swift in Sources */,
				27F990C61BBDD76800D61DA2 /* StringConstants.swift in Sources */,
				278912091BEEEC590005D46E /* CheckinOperations.swift in Sources */,
				429B1D141BDC881F006AADF6 /* ErrorView.swift in Sources */,
				42EFD6721BC7A9EA0063FD78 /* SignUpController.swift in Sources */,
				5DF193691C0C34A7003A6B0E /* ProfileOperations.swift in Sources */,
				5D8AF98B1BEED06E0008D2C4 /* AnnouncementsDetailViewController.swift in Sources */,
				42B82B451C0478630076892A /* FormButtonItem.swift in Sources */,
				4223342B1BC0C94600E863D0 /* UserConstants.swift in Sources */,
				2781601C1BC0E25B00A1DB75 /* CheckinViewController.swift in Sources */,
				4254C1EF1BFDD6A200D0D33E /* SignUpRequestsViewController.swift in Sources */,
				5D221C241C18D296008FBD9B /* CheckinTableViewCell.swift in Sources */,
				42A6CE661C0BDFFD00F97CFF /* UsersTableViewCell.swift in Sources */,
				27EB32A71C3917D400FD8050 /* SemesterVerifyViewController.swift in Sources */,
				2705CC401BB927D7004FE927 /* RootTabBarController.swift in Sources */,
				4254C1EB1BFDCCC200D0D33E /* BrowseSchoolsViewController.swift in Sources */,
				42828FC81C00718000ACBC7E /* CheckinRequestsDetailViewController.swift in Sources */,
				27D1B6841BE1C20C00F9D026 /* FormTextItem.swift in Sources */,
				4223342D1BC0C96000E863D0 /* AnnouncementConstants.swift in Sources */,
				114953511C190CAA00A74845 /* APIKeys.swift in Sources */,
				5DEC6C4E1BC9FD260085BF07 /* AnnouncementsViewController.swift in Sources */,
				27F990B91BBCC3CB00D61DA2 /* UIColor.swift in Sources */,
				42EFD6741BC9E6F30063FD78 /* SignUpView.swift in Sources */,
				42828FCA1C00718B00ACBC7E /* SignUpRequestsDetailViewController.swift in Sources */,
				42A6CE641C0BDFC700F97CFF /* SchoolsTableViewCell.swift in Sources */,
				4216872D1C09286A00C29DEF /* SchoolDetailHeaderView.swift in Sources */,
				5D8AF9891BEECFCD0008D2C4 /* AnnouncementsDetailView.swift in Sources */,
				42C1D1C51C0522B800625B35 /* SelectAnnouncementSchoolTableViewController.swift in Sources */,
				427B72461C0C4C5B00A32DF5 /* EditSchoolController.swift in Sources */,
				42A2E00F1C02943E00033577 /* AddAnnouncementController.swift in Sources */,
				42C393411BC45DEC00630F93 /* RootController.swift in Sources */,
				42F71DF61BF80478004E1B3B /* CheckinRequestTableViewCell.swift in Sources */,
				5D916A1B1C013529003959CE /* ProfileViewController.swift in Sources */,
				4254D2991BC62B4500C831C7 /* LoginView.swift in Sources */,
				422334281BC09E0F00E863D0 /* School.swift in Sources */,
				42F85EDA1C0132CB00F62C37 /* AddSchoolView.swift in Sources */,
				424A13781BEEBC0B00775E86 /* AnnouncementsOperations.swift in Sources */,
				424DEC001BF4B8810099CCE0 /* LoginOperations.swift in Sources */,
				42C3933F1BC45DB900630F93 /* LoginController.swift in Sources */,
				42C393431BC4607D00630F93 /* UnverifiedViewController.swift in Sources */,
				42A6CE621C0BDF6800F97CFF /* SchoolDetailViewController.swift in Sources */,
				42F75B221BD451DA00835595 /* SignUpTableViewController.swift in Sources */,
				426838731C00329E00A97832 /* SignUpRequestTableViewCell.swift in Sources */,
				27D1B67E1BE0422900F9D026 /* RequestHoursView.swift in Sources */,
				422334261BC09E0400E863D0 /* User.swift in Sources */,
				42F71DF31BF802D2004E1B3B /* CheckinRequestsViewController.swift in Sources */,
				427432F01BC776FD00464200 /* UnverifiedView.swift in Sources */,
				4243E4DB1BF1A79100AA627A /* BrowseMentorsViewController.swift in Sources */,
				2705CC3E1BB927D7004FE927 /* AppDelegate.swift in Sources */,
				42EFD6771BC9EC540063FD78 /* SignUpNameView.swift in Sources */,
			);
			runOnlyForDeploymentPostprocessing = 0;
		};
		2705CC4A1BB927D8004FE927 /* Sources */ = {
			isa = PBXSourcesBuildPhase;
			buildActionMask = 2147483647;
			files = (
				4223343C1BC0D28B00E863D0 /* AnnouncementConstants.swift in Sources */,
				4223344A1BC0D2C200E863D0 /* UIColor.swift in Sources */,
				422334441BC0D29800E863D0 /* StringConstants.swift in Sources */,
				4223343A1BC0D28800E863D0 /* UserConstants.swift in Sources */,
				422334341BC0D27900E863D0 /* User.swift in Sources */,
				4223343E1BC0D28E00E863D0 /* CheckinConstants.swift in Sources */,
				422334331BC0D27200E863D0 /* Announcement.swift in Sources */,
				2705CC531BB927D8004FE927 /* SAGETests.swift in Sources */,
				422334401BC0D29100E863D0 /* SchoolConstants.swift in Sources */,
				4223344C1BC0D2C500E863D0 /* UIView.swift in Sources */,
				422334481BC0D2BE00E863D0 /* BaseOperation.swift in Sources */,
				422334421BC0D29500E863D0 /* UIConstants.swift in Sources */,
				422334351BC0D27B00E863D0 /* School.swift in Sources */,
				422334321BC0D26F00E863D0 /* Checkin.swift in Sources */,
			);
			runOnlyForDeploymentPostprocessing = 0;
		};
		2705CC551BB927D8004FE927 /* Sources */ = {
			isa = PBXSourcesBuildPhase;
			buildActionMask = 2147483647;
			files = (
				4223343D1BC0D28C00E863D0 /* AnnouncementConstants.swift in Sources */,
				4223344B1BC0D2C300E863D0 /* UIColor.swift in Sources */,
				422334451BC0D29900E863D0 /* StringConstants.swift in Sources */,
				4223343B1BC0D28800E863D0 /* UserConstants.swift in Sources */,
				2705CC5E1BB927D8004FE927 /* SAGEUITests.swift in Sources */,
				4223343F1BC0D28E00E863D0 /* CheckinConstants.swift in Sources */,
				422334381BC0D28300E863D0 /* Checkin.swift in Sources */,
				422334361BC0D27D00E863D0 /* School.swift in Sources */,
				422334411BC0D29200E863D0 /* SchoolConstants.swift in Sources */,
				4223344D1BC0D2C600E863D0 /* UIView.swift in Sources */,
				422334491BC0D2BF00E863D0 /* BaseOperation.swift in Sources */,
				422334431BC0D29500E863D0 /* UIConstants.swift in Sources */,
				422334391BC0D28500E863D0 /* Announcement.swift in Sources */,
				422334371BC0D28000E863D0 /* User.swift in Sources */,
			);
			runOnlyForDeploymentPostprocessing = 0;
		};
/* End PBXSourcesBuildPhase section */

/* Begin PBXTargetDependency section */
		2705CC501BB927D8004FE927 /* PBXTargetDependency */ = {
			isa = PBXTargetDependency;
			target = 2705CC391BB927D7004FE927 /* SAGE */;
			targetProxy = 2705CC4F1BB927D8004FE927 /* PBXContainerItemProxy */;
		};
		2705CC5B1BB927D8004FE927 /* PBXTargetDependency */ = {
			isa = PBXTargetDependency;
			target = 2705CC391BB927D7004FE927 /* SAGE */;
			targetProxy = 2705CC5A1BB927D8004FE927 /* PBXContainerItemProxy */;
		};
/* End PBXTargetDependency section */

/* Begin XCBuildConfiguration section */
		2705CC601BB927D8004FE927 /* Debug */ = {
			isa = XCBuildConfiguration;
			baseConfigurationReference = 4460619C7F02BF25BCA11953 /* Pods.debug.xcconfig */;
			buildSettings = {
				ALWAYS_SEARCH_USER_PATHS = NO;
				CLANG_CXX_LANGUAGE_STANDARD = "gnu++0x";
				CLANG_CXX_LIBRARY = "libc++";
				CLANG_ENABLE_MODULES = YES;
				CLANG_ENABLE_OBJC_ARC = YES;
				CLANG_WARN_BOOL_CONVERSION = YES;
				CLANG_WARN_CONSTANT_CONVERSION = YES;
				CLANG_WARN_DIRECT_OBJC_ISA_USAGE = YES_ERROR;
				CLANG_WARN_EMPTY_BODY = YES;
				CLANG_WARN_ENUM_CONVERSION = YES;
				CLANG_WARN_INT_CONVERSION = YES;
				CLANG_WARN_OBJC_ROOT_CLASS = YES_ERROR;
				CLANG_WARN_UNREACHABLE_CODE = YES;
				CLANG_WARN__DUPLICATE_METHOD_MATCH = YES;
				"CODE_SIGN_IDENTITY[sdk=iphoneos*]" = "iPhone Developer";
				COPY_PHASE_STRIP = NO;
				DEBUG_INFORMATION_FORMAT = dwarf;
				DEFINES_MODULE = YES;
				ENABLE_BITCODE = NO;
				ENABLE_STRICT_OBJC_MSGSEND = YES;
				ENABLE_TESTABILITY = YES;
				GCC_C_LANGUAGE_STANDARD = gnu99;
				GCC_DYNAMIC_NO_PIC = NO;
				GCC_NO_COMMON_BLOCKS = YES;
				GCC_OPTIMIZATION_LEVEL = 0;
				GCC_PREPROCESSOR_DEFINITIONS = (
					"DEBUG=1",
					"$(inherited)",
				);
				GCC_WARN_64_TO_32_BIT_CONVERSION = YES;
				GCC_WARN_ABOUT_RETURN_TYPE = YES_ERROR;
				GCC_WARN_UNDECLARED_SELECTOR = YES;
				GCC_WARN_UNINITIALIZED_AUTOS = YES_AGGRESSIVE;
				GCC_WARN_UNUSED_FUNCTION = YES;
				GCC_WARN_UNUSED_VARIABLE = YES;
				IPHONEOS_DEPLOYMENT_TARGET = 9.0;
				MTL_ENABLE_DEBUG_INFO = YES;
				ONLY_ACTIVE_ARCH = YES;
				SDKROOT = iphoneos;
				SWIFT_OBJC_BRIDGING_HEADER = "";
				SWIFT_OPTIMIZATION_LEVEL = "-Onone";
			};
			name = Debug;
		};
		2705CC611BB927D8004FE927 /* Release */ = {
			isa = XCBuildConfiguration;
			buildSettings = {
				ALWAYS_SEARCH_USER_PATHS = NO;
				CLANG_CXX_LANGUAGE_STANDARD = "gnu++0x";
				CLANG_CXX_LIBRARY = "libc++";
				CLANG_ENABLE_MODULES = YES;
				CLANG_ENABLE_OBJC_ARC = YES;
				CLANG_WARN_BOOL_CONVERSION = YES;
				CLANG_WARN_CONSTANT_CONVERSION = YES;
				CLANG_WARN_DIRECT_OBJC_ISA_USAGE = YES_ERROR;
				CLANG_WARN_EMPTY_BODY = YES;
				CLANG_WARN_ENUM_CONVERSION = YES;
				CLANG_WARN_INT_CONVERSION = YES;
				CLANG_WARN_OBJC_ROOT_CLASS = YES_ERROR;
				CLANG_WARN_UNREACHABLE_CODE = YES;
				CLANG_WARN__DUPLICATE_METHOD_MATCH = YES;
				"CODE_SIGN_IDENTITY[sdk=iphoneos*]" = "iPhone Developer";
				COPY_PHASE_STRIP = NO;
				DEBUG_INFORMATION_FORMAT = "dwarf-with-dsym";
				DEFINES_MODULE = YES;
				ENABLE_BITCODE = NO;
				ENABLE_NS_ASSERTIONS = NO;
				ENABLE_STRICT_OBJC_MSGSEND = YES;
				GCC_C_LANGUAGE_STANDARD = gnu99;
				GCC_NO_COMMON_BLOCKS = YES;
				GCC_WARN_64_TO_32_BIT_CONVERSION = YES;
				GCC_WARN_ABOUT_RETURN_TYPE = YES_ERROR;
				GCC_WARN_UNDECLARED_SELECTOR = YES;
				GCC_WARN_UNINITIALIZED_AUTOS = YES_AGGRESSIVE;
				GCC_WARN_UNUSED_FUNCTION = YES;
				GCC_WARN_UNUSED_VARIABLE = YES;
				IPHONEOS_DEPLOYMENT_TARGET = 9.0;
				MTL_ENABLE_DEBUG_INFO = NO;
				SDKROOT = iphoneos;
				SWIFT_OBJC_BRIDGING_HEADER = "";
				VALIDATE_PRODUCT = YES;
			};
			name = Release;
		};
		2705CC631BB927D8004FE927 /* Debug */ = {
			isa = XCBuildConfiguration;
			baseConfigurationReference = 4460619C7F02BF25BCA11953 /* Pods.debug.xcconfig */;
			buildSettings = {
				ASSETCATALOG_COMPILER_APPICON_NAME = AppIcon;
				ASSETCATALOG_COMPILER_LAUNCHIMAGE_NAME = BrandAsset;
				CODE_SIGN_IDENTITY = "iPhone Developer";
				"CODE_SIGN_IDENTITY[sdk=iphoneos*]" = "iPhone Developer";
				FRAMEWORK_SEARCH_PATHS = (
					"$(inherited)",
					"$(PROJECT_DIR)/build/Debug-iphoneos",
				);
				INFOPLIST_FILE = SAGE/Info.plist;
				IPHONEOS_DEPLOYMENT_TARGET = 8.0;
				LD_RUNPATH_SEARCH_PATHS = "$(inherited) @executable_path/Frameworks";
				PRODUCT_BUNDLE_IDENTIFIER = com.calblueprint.SAGE;
				PRODUCT_NAME = "$(TARGET_NAME)";
				PROVISIONING_PROFILE = "";
				SWIFT_OBJC_BRIDGING_HEADER = "SAGE/SAGE-Bridging-Header.h";
				TARGETED_DEVICE_FAMILY = 1;
			};
			name = Debug;
		};
		2705CC641BB927D8004FE927 /* Release */ = {
			isa = XCBuildConfiguration;
			baseConfigurationReference = 038E557A8664D96BC0F724A9 /* Pods.release.xcconfig */;
			buildSettings = {
				ASSETCATALOG_COMPILER_APPICON_NAME = AppIcon;
				ASSETCATALOG_COMPILER_LAUNCHIMAGE_NAME = BrandAsset;
				CODE_SIGN_IDENTITY = "iPhone Developer";
				"CODE_SIGN_IDENTITY[sdk=iphoneos*]" = "iPhone Developer";
				FRAMEWORK_SEARCH_PATHS = (
					"$(inherited)",
					"$(PROJECT_DIR)/build/Debug-iphoneos",
				);
				INFOPLIST_FILE = SAGE/Info.plist;
				IPHONEOS_DEPLOYMENT_TARGET = 8.0;
				LD_RUNPATH_SEARCH_PATHS = "$(inherited) @executable_path/Frameworks";
				PRODUCT_BUNDLE_IDENTIFIER = com.calblueprint.SAGE;
				PRODUCT_NAME = "$(TARGET_NAME)";
				PROVISIONING_PROFILE = "";
				SWIFT_OBJC_BRIDGING_HEADER = "SAGE/SAGE-Bridging-Header.h";
				TARGETED_DEVICE_FAMILY = 1;
			};
			name = Release;
		};
		2705CC661BB927D8004FE927 /* Debug */ = {
			isa = XCBuildConfiguration;
			baseConfigurationReference = 4460619C7F02BF25BCA11953 /* Pods.debug.xcconfig */;
			buildSettings = {
				BUNDLE_LOADER = "$(TEST_HOST)";
				ENABLE_TESTABILITY = YES;
				INFOPLIST_FILE = SAGETests/Info.plist;
				LD_RUNPATH_SEARCH_PATHS = "$(inherited) @executable_path/Frameworks @loader_path/Frameworks";
				LIBRARY_SEARCH_PATHS = (
					"$(inherited)",
					"$(PROJECT_DIR)/build/Debug-iphoneos",
				);
				PRODUCT_BUNDLE_IDENTIFIER = com.calblueprint.SAGETests;
				PRODUCT_NAME = "$(TARGET_NAME)";
				TEST_HOST = "$(BUILT_PRODUCTS_DIR)/SAGE.app/SAGE";
			};
			name = Debug;
		};
		2705CC671BB927D8004FE927 /* Release */ = {
			isa = XCBuildConfiguration;
			buildSettings = {
				BUNDLE_LOADER = "$(TEST_HOST)";
				ENABLE_TESTABILITY = NO;
				INFOPLIST_FILE = SAGETests/Info.plist;
				LD_RUNPATH_SEARCH_PATHS = "$(inherited) @executable_path/Frameworks @loader_path/Frameworks";
				LIBRARY_SEARCH_PATHS = (
					"$(inherited)",
					"$(PROJECT_DIR)/build/Debug-iphoneos",
				);
				PRODUCT_BUNDLE_IDENTIFIER = com.calblueprint.SAGETests;
				PRODUCT_NAME = "$(TARGET_NAME)";
				TEST_HOST = "$(BUILT_PRODUCTS_DIR)/SAGE.app/SAGE";
			};
			name = Release;
		};
		2705CC691BB927D8004FE927 /* Debug */ = {
			isa = XCBuildConfiguration;
			baseConfigurationReference = 4460619C7F02BF25BCA11953 /* Pods.debug.xcconfig */;
			buildSettings = {
				INFOPLIST_FILE = SAGEUITests/Info.plist;
				LD_RUNPATH_SEARCH_PATHS = "$(inherited) @executable_path/Frameworks @loader_path/Frameworks";
				PRODUCT_BUNDLE_IDENTIFIER = com.calblueprint.SAGEUITests;
				PRODUCT_NAME = "$(TARGET_NAME)";
				TEST_TARGET_NAME = SAGE;
				USES_XCTRUNNER = YES;
			};
			name = Debug;
		};
		2705CC6A1BB927D8004FE927 /* Release */ = {
			isa = XCBuildConfiguration;
			baseConfigurationReference = 038E557A8664D96BC0F724A9 /* Pods.release.xcconfig */;
			buildSettings = {
				INFOPLIST_FILE = SAGEUITests/Info.plist;
				LD_RUNPATH_SEARCH_PATHS = "$(inherited) @executable_path/Frameworks @loader_path/Frameworks";
				PRODUCT_BUNDLE_IDENTIFIER = com.calblueprint.SAGEUITests;
				PRODUCT_NAME = "$(TARGET_NAME)";
				TEST_TARGET_NAME = SAGE;
				USES_XCTRUNNER = YES;
			};
			name = Release;
		};
/* End XCBuildConfiguration section */

/* Begin XCConfigurationList section */
		2705CC351BB927D7004FE927 /* Build configuration list for PBXProject "SAGE" */ = {
			isa = XCConfigurationList;
			buildConfigurations = (
				2705CC601BB927D8004FE927 /* Debug */,
				2705CC611BB927D8004FE927 /* Release */,
			);
			defaultConfigurationIsVisible = 0;
			defaultConfigurationName = Release;
		};
		2705CC621BB927D8004FE927 /* Build configuration list for PBXNativeTarget "SAGE" */ = {
			isa = XCConfigurationList;
			buildConfigurations = (
				2705CC631BB927D8004FE927 /* Debug */,
				2705CC641BB927D8004FE927 /* Release */,
			);
			defaultConfigurationIsVisible = 0;
			defaultConfigurationName = Release;
		};
		2705CC651BB927D8004FE927 /* Build configuration list for PBXNativeTarget "SAGETests" */ = {
			isa = XCConfigurationList;
			buildConfigurations = (
				2705CC661BB927D8004FE927 /* Debug */,
				2705CC671BB927D8004FE927 /* Release */,
			);
			defaultConfigurationIsVisible = 0;
			defaultConfigurationName = Release;
		};
		2705CC681BB927D8004FE927 /* Build configuration list for PBXNativeTarget "SAGEUITests" */ = {
			isa = XCConfigurationList;
			buildConfigurations = (
				2705CC691BB927D8004FE927 /* Debug */,
				2705CC6A1BB927D8004FE927 /* Release */,
			);
			defaultConfigurationIsVisible = 0;
			defaultConfigurationName = Release;
		};
/* End XCConfigurationList section */
	};
	rootObject = 2705CC321BB927D7004FE927 /* Project object */;
}
